// !$*UTF8*$!
{
	archiveVersion = 1;
	classes = {
	};
	objectVersion = 46;
	objects = {

/* Begin PBXBuildFile section */
		D3A143081B12066400504D39 /* main.m in Sources */ = {isa = PBXBuildFile; fileRef = D3A143071B12066400504D39 /* main.m */; };
		D3A1430B1B12066400504D39 /* AppDelegate.m in Sources */ = {isa = PBXBuildFile; fileRef = D3A1430A1B12066400504D39 /* AppDelegate.m */; };
		D3A1430E1B12066400504D39 /* ViewController.m in Sources */ = {isa = PBXBuildFile; fileRef = D3A1430D1B12066400504D39 /* ViewController.m */; };
		D3A143111B12066400504D39 /* Main.storyboard in Resources */ = {isa = PBXBuildFile; fileRef = D3A1430F1B12066400504D39 /* Main.storyboard */; };
		D3A143131B12066400504D39 /* Images.xcassets in Resources */ = {isa = PBXBuildFile; fileRef = D3A143121B12066400504D39 /* Images.xcassets */; };
		D3A143161B12066400504D39 /* LaunchScreen.xib in Resources */ = {isa = PBXBuildFile; fileRef = D3A143141B12066400504D39 /* LaunchScreen.xib */; };
		D3A143221B12066500504D39 /* UICollectionViewDemoTests.m in Sources */ = {isa = PBXBuildFile; fileRef = D3A143211B12066500504D39 /* UICollectionViewDemoTests.m */; };
		D3A1432D1B120B0A00504D39 /* CollectionViewCell.m in Sources */ = {isa = PBXBuildFile; fileRef = D3A1432C1B120B0A00504D39 /* CollectionViewCell.m */; };
		D3A143321B120DE400504D39 /* sina_weibo@2x.png in Resources */ = {isa = PBXBuildFile; fileRef = D3A1432F1B120DE400504D39 /* sina_weibo@2x.png */; };
		D3A143331B120DE400504D39 /* weixin_session@2x.png in Resources */ = {isa = PBXBuildFile; fileRef = D3A143301B120DE400504D39 /* weixin_session@2x.png */; };
		D3A143341B120DE400504D39 /* weixin_timeline@2x.png in Resources */ = {isa = PBXBuildFile; fileRef = D3A143311B120DE400504D39 /* weixin_timeline@2x.png */; };
		D3A143371B120E0600504D39 /* laiwang_session@2x.png in Resources */ = {isa = PBXBuildFile; fileRef = D3A143351B120E0600504D39 /* laiwang_session@2x.png */; };
		D3A143381B120E0600504D39 /* laiwang_timeline@2x.png in Resources */ = {isa = PBXBuildFile; fileRef = D3A143361B120E0600504D39 /* laiwang_timeline@2x.png */; };
/* End PBXBuildFile section */

/* Begin PBXContainerItemProxy section */
		D3A1431C1B12066500504D39 /* PBXContainerItemProxy */ = {
			isa = PBXContainerItemProxy;
			containerPortal = D3A142FA1B12066400504D39 /* Project object */;
			proxyType = 1;
			remoteGlobalIDString = D3A143011B12066400504D39;
			remoteInfo = UICollectionViewDemo;
		};
/* End PBXContainerItemProxy section */

/* Begin PBXFileReference section */
		D3A143021B12066400504D39 /* SimpleCollectionViewDemo.app */ = {isa = PBXFileReference; explicitFileType = wrapper.application; includeInIndex = 0; path = SimpleCollectionViewDemo.app; sourceTree = BUILT_PRODUCTS_DIR; };
		D3A143061B12066400504D39 /* Info.plist */ = {isa = PBXFileReference; lastKnownFileType = text.plist.xml; path = Info.plist; sourceTree = "<group>"; };
		D3A143071B12066400504D39 /* main.m */ = {isa = PBXFileReference; lastKnownFileType = sourcecode.c.objc; path = main.m; sourceTree = "<group>"; };
		D3A143091B12066400504D39 /* AppDelegate.h */ = {isa = PBXFileReference; lastKnownFileType = sourcecode.c.h; path = AppDelegate.h; sourceTree = "<group>"; };
		D3A1430A1B12066400504D39 /* AppDelegate.m */ = {isa = PBXFileReference; lastKnownFileType = sourcecode.c.objc; path = AppDelegate.m; sourceTree = "<group>"; };
		D3A1430C1B12066400504D39 /* ViewController.h */ = {isa = PBXFileReference; lastKnownFileType = sourcecode.c.h; path = ViewController.h; sourceTree = "<group>"; };
		D3A1430D1B12066400504D39 /* ViewController.m */ = {isa = PBXFileReference; lastKnownFileType = sourcecode.c.objc; path = ViewController.m; sourceTree = "<group>"; };
		D3A143101B12066400504D39 /* Base */ = {isa = PBXFileReference; lastKnownFileType = file.storyboard; name = Base; path = Base.lproj/Main.storyboard; sourceTree = "<group>"; };
		D3A143121B12066400504D39 /* Images.xcassets */ = {isa = PBXFileReference; lastKnownFileType = folder.assetcatalog; path = Images.xcassets; sourceTree = "<group>"; };
		D3A143151B12066400504D39 /* Base */ = {isa = PBXFileReference; lastKnownFileType = file.xib; name = Base; path = Base.lproj/LaunchScreen.xib; sourceTree = "<group>"; };
		D3A1431B1B12066500504D39 /* SimpleCollectionViewDemoTests.xctest */ = {isa = PBXFileReference; explicitFileType = wrapper.cfbundle; includeInIndex = 0; path = SimpleCollectionViewDemoTests.xctest; sourceTree = BUILT_PRODUCTS_DIR; };
		D3A143201B12066500504D39 /* Info.plist */ = {isa = PBXFileReference; lastKnownFileType = text.plist.xml; path = Info.plist; sourceTree = "<group>"; };
		D3A143211B12066500504D39 /* UICollectionViewDemoTests.m */ = {isa = PBXFileReference; lastKnownFileType = sourcecode.c.objc; path = UICollectionViewDemoTests.m; sourceTree = "<group>"; };
		D3A1432B1B120B0A00504D39 /* CollectionViewCell.h */ = {isa = PBXFileReference; fileEncoding = 4; lastKnownFileType = sourcecode.c.h; path = CollectionViewCell.h; sourceTree = "<group>"; };
		D3A1432C1B120B0A00504D39 /* CollectionViewCell.m */ = {isa = PBXFileReference; fileEncoding = 4; lastKnownFileType = sourcecode.c.objc; path = CollectionViewCell.m; sourceTree = "<group>"; };
		D3A1432F1B120DE400504D39 /* sina_weibo@2x.png */ = {isa = PBXFileReference; lastKnownFileType = image.png; path = "sina_weibo@2x.png"; sourceTree = "<group>"; };
		D3A143301B120DE400504D39 /* weixin_session@2x.png */ = {isa = PBXFileReference; lastKnownFileType = image.png; path = "weixin_session@2x.png"; sourceTree = "<group>"; };
		D3A143311B120DE400504D39 /* weixin_timeline@2x.png */ = {isa = PBXFileReference; lastKnownFileType = image.png; path = "weixin_timeline@2x.png"; sourceTree = "<group>"; };
		D3A143351B120E0600504D39 /* laiwang_session@2x.png */ = {isa = PBXFileReference; lastKnownFileType = image.png; path = "laiwang_session@2x.png"; sourceTree = "<group>"; };
		D3A143361B120E0600504D39 /* laiwang_timeline@2x.png */ = {isa = PBXFileReference; lastKnownFileType = image.png; path = "laiwang_timeline@2x.png"; sourceTree = "<group>"; };
/* End PBXFileReference section */

/* Begin PBXFrameworksBuildPhase section */
		D3A142FF1B12066400504D39 /* Frameworks */ = {
			isa = PBXFrameworksBuildPhase;
			buildActionMask = 2147483647;
			files = (
			);
			runOnlyForDeploymentPostprocessing = 0;
		};
		D3A143181B12066500504D39 /* Frameworks */ = {
			isa = PBXFrameworksBuildPhase;
			buildActionMask = 2147483647;
			files = (
			);
			runOnlyForDeploymentPostprocessing = 0;
		};
/* End PBXFrameworksBuildPhase section */

/* Begin PBXGroup section */
		D3A142F91B12066400504D39 = {
			isa = PBXGroup;
			children = (
				D3A143041B12066400504D39 /* UICollectionViewDemo */,
				D3A1431E1B12066500504D39 /* UICollectionViewDemoTests */,
				D3A143031B12066400504D39 /* Products */,
			);
			sourceTree = "<group>";
		};
		D3A143031B12066400504D39 /* Products */ = {
			isa = PBXGroup;
			children = (
				D3A143021B12066400504D39 /* SimpleCollectionViewDemo.app */,
				D3A1431B1B12066500504D39 /* SimpleCollectionViewDemoTests.xctest */,
			);
			name = Products;
			sourceTree = "<group>";
		};
		D3A143041B12066400504D39 /* UICollectionViewDemo */ = {
			isa = PBXGroup;
			children = (
				D3A1432E1B120DA300504D39 /* resources */,
				D3A143091B12066400504D39 /* AppDelegate.h */,
				D3A1430A1B12066400504D39 /* AppDelegate.m */,
				D3A1430C1B12066400504D39 /* ViewController.h */,
				D3A1430D1B12066400504D39 /* ViewController.m */,
				D3A1432B1B120B0A00504D39 /* CollectionViewCell.h */,
				D3A1432C1B120B0A00504D39 /* CollectionViewCell.m */,
				D3A143141B12066400504D39 /* LaunchScreen.xib */,
				D3A143121B12066400504D39 /* Images.xcassets */,
				D3A143051B12066400504D39 /* Supporting Files */,
			);
			path = UICollectionViewDemo;
			sourceTree = "<group>";
		};
		D3A143051B12066400504D39 /* Supporting Files */ = {
			isa = PBXGroup;
			children = (
				D3A1430F1B12066400504D39 /* Main.storyboard */,
				D3A143061B12066400504D39 /* Info.plist */,
				D3A143071B12066400504D39 /* main.m */,
			);
			name = "Supporting Files";
			sourceTree = "<group>";
		};
		D3A1431E1B12066500504D39 /* UICollectionViewDemoTests */ = {
			isa = PBXGroup;
			children = (
				D3A143211B12066500504D39 /* UICollectionViewDemoTests.m */,
				D3A1431F1B12066500504D39 /* Supporting Files */,
			);
			path = UICollectionViewDemoTests;
			sourceTree = "<group>";
		};
		D3A1431F1B12066500504D39 /* Supporting Files */ = {
			isa = PBXGroup;
			children = (
				D3A143201B12066500504D39 /* Info.plist */,
			);
			name = "Supporting Files";
			sourceTree = "<group>";
		};
		D3A1432E1B120DA300504D39 /* resources */ = {
			isa = PBXGroup;
			children = (
				D3A143351B120E0600504D39 /* laiwang_session@2x.png */,
				D3A143361B120E0600504D39 /* laiwang_timeline@2x.png */,
				D3A1432F1B120DE400504D39 /* sina_weibo@2x.png */,
				D3A143301B120DE400504D39 /* weixin_session@2x.png */,
				D3A143311B120DE400504D39 /* weixin_timeline@2x.png */,
			);
			name = resources;
			sourceTree = "<group>";
		};
/* End PBXGroup section */

/* Begin PBXNativeTarget section */
		D3A143011B12066400504D39 /* SimpleCollectionViewDemo */ = {
			isa = PBXNativeTarget;
			buildConfigurationList = D3A143251B12066500504D39 /* Build configuration list for PBXNativeTarget "SimpleCollectionViewDemo" */;
			buildPhases = (
				D3A142FE1B12066400504D39 /* Sources */,
				D3A142FF1B12066400504D39 /* Frameworks */,
				D3A143001B12066400504D39 /* Resources */,
			);
			buildRules = (
			);
			dependencies = (
			);
			name = SimpleCollectionViewDemo;
			productName = UICollectionViewDemo;
			productReference = D3A143021B12066400504D39 /* SimpleCollectionViewDemo.app */;
			productType = "com.apple.product-type.application";
		};
		D3A1431A1B12066500504D39 /* SimpleCollectionViewDemoTests */ = {
			isa = PBXNativeTarget;
			buildConfigurationList = D3A143281B12066500504D39 /* Build configuration list for PBXNativeTarget "SimpleCollectionViewDemoTests" */;
			buildPhases = (
				D3A143171B12066500504D39 /* Sources */,
				D3A143181B12066500504D39 /* Frameworks */,
				D3A143191B12066500504D39 /* Resources */,
			);
			buildRules = (
			);
			dependencies = (
				D3A1431D1B12066500504D39 /* PBXTargetDependency */,
			);
			name = SimpleCollectionViewDemoTests;
			productName = UICollectionViewDemoTests;
			productReference = D3A1431B1B12066500504D39 /* SimpleCollectionViewDemoTests.xctest */;
			productType = "com.apple.product-type.bundle.unit-test";
		};
/* End PBXNativeTarget section */

/* Begin PBXProject section */
		D3A142FA1B12066400504D39 /* Project object */ = {
			isa = PBXProject;
			attributes = {
				LastUpgradeCheck = 0630;
				ORGANIZATIONNAME = xidanjueying;
				TargetAttributes = {
					D3A143011B12066400504D39 = {
						CreatedOnToolsVersion = 6.3;
					};
					D3A1431A1B12066500504D39 = {
						CreatedOnToolsVersion = 6.3;
						TestTargetID = D3A143011B12066400504D39;
					};
				};
			};
			buildConfigurationList = D3A142FD1B12066400504D39 /* Build configuration list for PBXProject "SimpleCollectionViewDemo" */;
			compatibilityVersion = "Xcode 3.2";
			developmentRegion = English;
			hasScannedForEncodings = 0;
			knownRegions = (
				en,
				Base,
			);
			mainGroup = D3A142F91B12066400504D39;
			productRefGroup = D3A143031B12066400504D39 /* Products */;
			projectDirPath = "";
			projectRoot = "";
			targets = (
				D3A143011B12066400504D39 /* SimpleCollectionViewDemo */,
				D3A1431A1B12066500504D39 /* SimpleCollectionViewDemoTests */,
			);
		};
/* End PBXProject section */

/* Begin PBXResourcesBuildPhase section */
		D3A143001B12066400504D39 /* Resources */ = {
			isa = PBXResourcesBuildPhase;
			buildActionMask = 2147483647;
			files = (
				D3A143111B12066400504D39 /* Main.storyboard in Resources */,
				D3A143161B12066400504D39 /* LaunchScreen.xib in Resources */,
				D3A143371B120E0600504D39 /* laiwang_session@2x.png in Resources */,
				D3A143321B120DE400504D39 /* sina_weibo@2x.png in Resources */,
				D3A143331B120DE400504D39 /* weixin_session@2x.png in Resources */,
				D3A143381B120E0600504D39 /* laiwang_timeline@2x.png in Resources */,
				D3A143131B12066400504D39 /* Images.xcassets in Resources */,
				D3A143341B120DE400504D39 /* weixin_timeline@2x.png in Resources */,
			);
			runOnlyForDeploymentPostprocessing = 0;
		};
		D3A143191B12066500504D39 /* Resources */ = {
			isa = PBXResourcesBuildPhase;
			buildActionMask = 2147483647;
			files = (
			);
			runOnlyForDeploymentPostprocessing = 0;
		};
/* End PBXResourcesBuildPhase section */

/* Begin PBXSourcesBuildPhase section */
		D3A142FE1B12066400504D39 /* Sources */ = {
			isa = PBXSourcesBuildPhase;
			buildActionMask = 2147483647;
			files = (
				D3A1430E1B12066400504D39 /* ViewController.m in Sources */,
				D3A1430B1B12066400504D39 /* AppDelegate.m in Sources */,
				D3A1432D1B120B0A00504D39 /* CollectionViewCell.m in Sources */,
				D3A143081B12066400504D39 /* main.m in Sources */,
			);
			runOnlyForDeploymentPostprocessing = 0;
		};
		D3A143171B12066500504D39 /* Sources */ = {
			isa = PBXSourcesBuildPhase;
			buildActionMask = 2147483647;
			files = (
				D3A143221B12066500504D39 /* UICollectionViewDemoTests.m in Sources */,
			);
			runOnlyForDeploymentPostprocessing = 0;
		};
/* End PBXSourcesBuildPhase section */

/* Begin PBXTargetDependency section */
		D3A1431D1B12066500504D39 /* PBXTargetDependency */ = {
			isa = PBXTargetDependency;
			target = D3A143011B12066400504D39 /* SimpleCollectionViewDemo */;
			targetProxy = D3A1431C1B12066500504D39 /* PBXContainerItemProxy */;
		};
/* End PBXTargetDependency section */

/* Begin PBXVariantGroup section */
		D3A1430F1B12066400504D39 /* Main.storyboard */ = {
			isa = PBXVariantGroup;
			children = (
				D3A143101B12066400504D39 /* Base */,
			);
			name = Main.storyboard;
			sourceTree = "<group>";
		};
		D3A143141B12066400504D39 /* LaunchScreen.xib */ = {
			isa = PBXVariantGroup;
			children = (
				D3A143151B12066400504D39 /* Base */,
			);
			name = LaunchScreen.xib;
			sourceTree = "<group>";
		};
/* End PBXVariantGroup section */

/* Begin XCBuildConfiguration section */
		D3A143231B12066500504D39 /* Debug */ = {
			isa = XCBuildConfiguration;
			buildSettings = {
				ALWAYS_SEARCH_USER_PATHS = NO;
				CLANG_CXX_LANGUAGE_STANDARD = "gnu++0x";
				CLANG_CXX_LIBRARY = "libc++";
				CLANG_ENABLE_MODULES = YES;
				CLANG_ENABLE_OBJC_ARC = YES;
				CLANG_WARN_BOOL_CONVERSION = YES;
				CLANG_WARN_CONSTANT_CONVERSION = YES;
				CLANG_WARN_DIRECT_OBJC_ISA_USAGE = YES_ERROR;
				CLANG_WARN_EMPTY_BODY = YES;
				CLANG_WARN_ENUM_CONVERSION = YES;
				CLANG_WARN_INT_CONVERSION = YES;
				CLANG_WARN_OBJC_ROOT_CLASS = YES_ERROR;
				CLANG_WARN_UNREACHABLE_CODE = YES;
				CLANG_WARN__DUPLICATE_METHOD_MATCH = YES;
				"CODE_SIGN_IDENTITY[sdk=iphoneos*]" = "iPhone Developer";
				COPY_PHASE_STRIP = NO;
				DEBUG_INFORMATION_FORMAT = "dwarf-with-dsym";
				ENABLE_STRICT_OBJC_MSGSEND = YES;
				GCC_C_LANGUAGE_STANDARD = gnu99;
				GCC_DYNAMIC_NO_PIC = NO;
				GCC_NO_COMMON_BLOCKS = YES;
				GCC_OPTIMIZATION_LEVEL = 0;
				GCC_PREPROCESSOR_DEFINITIONS = (
					"DEBUG=1",
					"$(inherited)",
				);
				GCC_SYMBOLS_PRIVATE_EXTERN = NO;
				GCC_WARN_64_TO_32_BIT_CONVERSION = YES;
				GCC_WARN_ABOUT_RETURN_TYPE = YES_ERROR;
				GCC_WARN_UNDECLARED_SELECTOR = YES;
				GCC_WARN_UNINITIALIZED_AUTOS = YES_AGGRESSIVE;
				GCC_WARN_UNUSED_FUNCTION = YES;
				GCC_WARN_UNUSED_VARIABLE = YES;
				IPHONEOS_DEPLOYMENT_TARGET = 8.3;
				MTL_ENABLE_DEBUG_INFO = YES;
				ONLY_ACTIVE_ARCH = YES;
				SDKROOT = iphoneos;
			};
			name = Debug;
		};
		D3A143241B12066500504D39 /* Release */ = {
			isa = XCBuildConfiguration;
			buildSettings = {
				ALWAYS_SEARCH_USER_PATHS = NO;
				CLANG_CXX_LANGUAGE_STANDARD = "gnu++0x";
				CLANG_CXX_LIBRARY = "libc++";
				CLANG_ENABLE_MODULES = YES;
				CLANG_ENABLE_OBJC_ARC = YES;
				CLANG_WARN_BOOL_CONVERSION = YES;
				CLANG_WARN_CONSTANT_CONVERSION = YES;
				CLANG_WARN_DIRECT_OBJC_ISA_USAGE = YES_ERROR;
				CLANG_WARN_EMPTY_BODY = YES;
				CLANG_WARN_ENUM_CONVERSION = YES;
				CLANG_WARN_INT_CONVERSION = YES;
				CLANG_WARN_OBJC_ROOT_CLASS = YES_ERROR;
				CLANG_WARN_UNREACHABLE_CODE = YES;
				CLANG_WARN__DUPLICATE_METHOD_MATCH = YES;
				"CODE_SIGN_IDENTITY[sdk=iphoneos*]" = "iPhone Developer";
				COPY_PHASE_STRIP = NO;
				DEBUG_INFORMATION_FORMAT = "dwarf-with-dsym";
				ENABLE_NS_ASSERTIONS = NO;
				ENABLE_STRICT_OBJC_MSGSEND = YES;
				GCC_C_LANGUAGE_STANDARD = gnu99;
				GCC_NO_COMMON_BLOCKS = YES;
				GCC_WARN_64_TO_32_BIT_CONVERSION = YES;
				GCC_WARN_ABOUT_RETURN_TYPE = YES_ERROR;
				GCC_WARN_UNDECLARED_SELECTOR = YES;
				GCC_WARN_UNINITIALIZED_AUTOS = YES_AGGRESSIVE;
				GCC_WARN_UNUSED_FUNCTION = YES;
				GCC_WARN_UNUSED_VARIABLE = YES;
				IPHONEOS_DEPLOYMENT_TARGET = 8.3;
				MTL_ENABLE_DEBUG_INFO = NO;
				SDKROOT = iphoneos;
				VALIDATE_PRODUCT = YES;
			};
			name = Release;
		};
		D3A143261B12066500504D39 /* Debug */ = {
			isa = XCBuildConfiguration;
			buildSettings = {
				ASSETCATALOG_COMPILER_APPICON_NAME = AppIcon;
				INFOPLIST_FILE = UICollectionViewDemo/Info.plist;
				IPHONEOS_DEPLOYMENT_TARGET = 7.0;
				LD_RUNPATH_SEARCH_PATHS = "$(inherited) @executable_path/Frameworks";
				PRODUCT_NAME = SimpleCollectionViewDemo;
			};
			name = Debug;
		};
		D3A143271B12066500504D39 /* Release */ = {
			isa = XCBuildConfiguration;
			buildSettings = {
				ASSETCATALOG_COMPILER_APPICON_NAME = AppIcon;
				INFOPLIST_FILE = UICollectionViewDemo/Info.plist;
				IPHONEOS_DEPLOYMENT_TARGET = 7.0;
				LD_RUNPATH_SEARCH_PATHS = "$(inherited) @executable_path/Frameworks";
				PRODUCT_NAME = SimpleCollectionViewDemo;
			};
			name = Release;
		};
		D3A143291B12066500504D39 /* Debug */ = {
			isa = XCBuildConfiguration;
			buildSettings = {
				BUNDLE_LOADER = "$(TEST_HOST)";
				FRAMEWORK_SEARCH_PATHS = (
					"$(SDKROOT)/Developer/Library/Frameworks",
					"$(inherited)",
				);
				GCC_PREPROCESSOR_DEFINITIONS = (
					"DEBUG=1",
					"$(inherited)",
				);
				INFOPLIST_FILE = UICollectionViewDemoTests/Info.plist;
				LD_RUNPATH_SEARCH_PATHS = "$(inherited) @executable_path/Frameworks @loader_path/Frameworks";
				PRODUCT_NAME = SimpleCollectionViewDemoTests;
				TEST_HOST = "$(BUILT_PRODUCTS_DIR)/UICollectionViewDemo.app/UICollectionViewDemo";
			};
			name = Debug;
		};
		D3A1432A1B12066500504D39 /* Release */ = {
			isa = XCBuildConfiguration;
			buildSettings = {
				BUNDLE_LOADER = "$(TEST_HOST)";
				FRAMEWORK_SEARCH_PATHS = (
					"$(SDKROOT)/Developer/Library/Frameworks",
					"$(inherited)",
				);
				INFOPLIST_FILE = UICollectionViewDemoTests/Info.plist;
				LD_RUNPATH_SEARCH_PATHS = "$(inherited) @executable_path/Frameworks @loader_path/Frameworks";
				PRODUCT_NAME = SimpleCollectionViewDemoTests;
				TEST_HOST = "$(BUILT_PRODUCTS_DIR)/UICollectionViewDemo.app/UICollectionViewDemo";
			};
			name = Release;
		};
/* End XCBuildConfiguration section */

/* Begin XCConfigurationList section */
		D3A142FD1B12066400504D39 /* Build configuration list for PBXProject "SimpleCollectionViewDemo" */ = {
			isa = XCConfigurationList;
			buildConfigurations = (
				D3A143231B12066500504D39 /* Debug */,
				D3A143241B12066500504D39 /* Release */,
			);
			defaultConfigurationIsVisible = 0;
			defaultConfigurationName = Release;
		};
		D3A143251B12066500504D39 /* Build configuration list for PBXNativeTarget "SimpleCollectionViewDemo" */ = {
			isa = XCConfigurationList;
			buildConfigurations = (
				D3A143261B12066500504D39 /* Debug */,
				D3A143271B12066500504D39 /* Release */,
			);
			defaultConfigurationIsVisible = 0;
		};
		D3A143281B12066500504D39 /* Build configuration list for PBXNativeTarget "SimpleCollectionViewDemoTests" */ = {
			isa = XCConfigurationList;
			buildConfigurations = (
				D3A143291B12066500504D39 /* Debug */,
				D3A1432A1B12066500504D39 /* Release */,
			);
			defaultConfigurationIsVisible = 0;
		};
/* End XCConfigurationList section */
	};
	rootObject = D3A142FA1B12066400504D39 /* Project object */;
}
