// !$*UTF8*$!
{
	archiveVersion = 1;
	classes = {
	};
	objectVersion = 46;
	objects = {

/* Begin PBXBuildFile section */
		D3C6E78C1A6CF7FE0009CCDC /* main.m in Sources */ = {isa = PBXBuildFile; fileRef = D3C6E78B1A6CF7FE0009CCDC /* main.m */; };
		D3C6E78F1A6CF7FE0009CCDC /* AppDelegate.m in Sources */ = {isa = PBXBuildFile; fileRef = D3C6E78E1A6CF7FE0009CCDC /* AppDelegate.m */; };
		D3C6E7921A6CF7FE0009CCDC /* ViewController.m in Sources */ = {isa = PBXBuildFile; fileRef = D3C6E7911A6CF7FE0009CCDC /* ViewController.m */; };
		D3C6E7951A6CF7FE0009CCDC /* Main.storyboard in Resources */ = {isa = PBXBuildFile; fileRef = D3C6E7931A6CF7FE0009CCDC /* Main.storyboard */; };
		D3C6E7971A6CF7FE0009CCDC /* Images.xcassets in Resources */ = {isa = PBXBuildFile; fileRef = D3C6E7961A6CF7FE0009CCDC /* Images.xcassets */; };
		D3C6E79A1A6CF7FE0009CCDC /* LaunchScreen.xib in Resources */ = {isa = PBXBuildFile; fileRef = D3C6E7981A6CF7FE0009CCDC /* LaunchScreen.xib */; };
		D3C6E7A61A6CF7FE0009CCDC /* autoresizingMaskDemoTests.m in Sources */ = {isa = PBXBuildFile; fileRef = D3C6E7A51A6CF7FE0009CCDC /* autoresizingMaskDemoTests.m */; };
/* End PBXBuildFile section */

/* Begin PBXContainerItemProxy section */
		D3C6E7A01A6CF7FE0009CCDC /* PBXContainerItemProxy */ = {
			isa = PBXContainerItemProxy;
			containerPortal = D3C6E77E1A6CF7FE0009CCDC /* Project object */;
			proxyType = 1;
			remoteGlobalIDString = D3C6E7851A6CF7FE0009CCDC;
			remoteInfo = autoresizingMaskDemo;
		};
/* End PBXContainerItemProxy section */

/* Begin PBXFileReference section */
		D3C6E7861A6CF7FE0009CCDC /* autoresizingMaskDemo.app */ = {isa = PBXFileReference; explicitFileType = wrapper.application; includeInIndex = 0; path = autoresizingMaskDemo.app; sourceTree = BUILT_PRODUCTS_DIR; };
		D3C6E78A1A6CF7FE0009CCDC /* Info.plist */ = {isa = PBXFileReference; lastKnownFileType = text.plist.xml; path = Info.plist; sourceTree = "<group>"; };
		D3C6E78B1A6CF7FE0009CCDC /* main.m */ = {isa = PBXFileReference; lastKnownFileType = sourcecode.c.objc; path = main.m; sourceTree = "<group>"; };
		D3C6E78D1A6CF7FE0009CCDC /* AppDelegate.h */ = {isa = PBXFileReference; lastKnownFileType = sourcecode.c.h; path = AppDelegate.h; sourceTree = "<group>"; };
		D3C6E78E1A6CF7FE0009CCDC /* AppDelegate.m */ = {isa = PBXFileReference; lastKnownFileType = sourcecode.c.objc; path = AppDelegate.m; sourceTree = "<group>"; };
		D3C6E7901A6CF7FE0009CCDC /* ViewController.h */ = {isa = PBXFileReference; lastKnownFileType = sourcecode.c.h; path = ViewController.h; sourceTree = "<group>"; };
		D3C6E7911A6CF7FE0009CCDC /* ViewController.m */ = {isa = PBXFileReference; lastKnownFileType = sourcecode.c.objc; path = ViewController.m; sourceTree = "<group>"; };
		D3C6E7941A6CF7FE0009CCDC /* Base */ = {isa = PBXFileReference; lastKnownFileType = file.storyboard; name = Base; path = Base.lproj/Main.storyboard; sourceTree = "<group>"; };
		D3C6E7961A6CF7FE0009CCDC /* Images.xcassets */ = {isa = PBXFileReference; lastKnownFileType = folder.assetcatalog; path = Images.xcassets; sourceTree = "<group>"; };
		D3C6E7991A6CF7FE0009CCDC /* Base */ = {isa = PBXFileReference; lastKnownFileType = file.xib; name = Base; path = Base.lproj/LaunchScreen.xib; sourceTree = "<group>"; };
		D3C6E79F1A6CF7FE0009CCDC /* autoresizingMaskDemoTests.xctest */ = {isa = PBXFileReference; explicitFileType = wrapper.cfbundle; includeInIndex = 0; path = autoresizingMaskDemoTests.xctest; sourceTree = BUILT_PRODUCTS_DIR; };
		D3C6E7A41A6CF7FE0009CCDC /* Info.plist */ = {isa = PBXFileReference; lastKnownFileType = text.plist.xml; path = Info.plist; sourceTree = "<group>"; };
		D3C6E7A51A6CF7FE0009CCDC /* autoresizingMaskDemoTests.m */ = {isa = PBXFileReference; lastKnownFileType = sourcecode.c.objc; path = autoresizingMaskDemoTests.m; sourceTree = "<group>"; };
/* End PBXFileReference section */

/* Begin PBXFrameworksBuildPhase section */
		D3C6E7831A6CF7FE0009CCDC /* Frameworks */ = {
			isa = PBXFrameworksBuildPhase;
			buildActionMask = 2147483647;
			files = (
			);
			runOnlyForDeploymentPostprocessing = 0;
		};
		D3C6E79C1A6CF7FE0009CCDC /* Frameworks */ = {
			isa = PBXFrameworksBuildPhase;
			buildActionMask = 2147483647;
			files = (
			);
			runOnlyForDeploymentPostprocessing = 0;
		};
/* End PBXFrameworksBuildPhase section */

/* Begin PBXGroup section */
		D3C6E77D1A6CF7FE0009CCDC = {
			isa = PBXGroup;
			children = (
				D3C6E7881A6CF7FE0009CCDC /* autoresizingMaskDemo */,
				D3C6E7A21A6CF7FE0009CCDC /* autoresizingMaskDemoTests */,
				D3C6E7871A6CF7FE0009CCDC /* Products */,
			);
			sourceTree = "<group>";
		};
		D3C6E7871A6CF7FE0009CCDC /* Products */ = {
			isa = PBXGroup;
			children = (
				D3C6E7861A6CF7FE0009CCDC /* autoresizingMaskDemo.app */,
				D3C6E79F1A6CF7FE0009CCDC /* autoresizingMaskDemoTests.xctest */,
			);
			name = Products;
			sourceTree = "<group>";
		};
		D3C6E7881A6CF7FE0009CCDC /* autoresizingMaskDemo */ = {
			isa = PBXGroup;
			children = (
				D3C6E78D1A6CF7FE0009CCDC /* AppDelegate.h */,
				D3C6E78E1A6CF7FE0009CCDC /* AppDelegate.m */,
				D3C6E7901A6CF7FE0009CCDC /* ViewController.h */,
				D3C6E7911A6CF7FE0009CCDC /* ViewController.m */,
				D3C6E7931A6CF7FE0009CCDC /* Main.storyboard */,
				D3C6E7961A6CF7FE0009CCDC /* Images.xcassets */,
				D3C6E7981A6CF7FE0009CCDC /* LaunchScreen.xib */,
				D3C6E7891A6CF7FE0009CCDC /* Supporting Files */,
			);
			path = autoresizingMaskDemo;
			sourceTree = "<group>";
		};
		D3C6E7891A6CF7FE0009CCDC /* Supporting Files */ = {
			isa = PBXGroup;
			children = (
				D3C6E78A1A6CF7FE0009CCDC /* Info.plist */,
				D3C6E78B1A6CF7FE0009CCDC /* main.m */,
			);
			name = "Supporting Files";
			sourceTree = "<group>";
		};
		D3C6E7A21A6CF7FE0009CCDC /* autoresizingMaskDemoTests */ = {
			isa = PBXGroup;
			children = (
				D3C6E7A51A6CF7FE0009CCDC /* autoresizingMaskDemoTests.m */,
				D3C6E7A31A6CF7FE0009CCDC /* Supporting Files */,
			);
			path = autoresizingMaskDemoTests;
			sourceTree = "<group>";
		};
		D3C6E7A31A6CF7FE0009CCDC /* Supporting Files */ = {
			isa = PBXGroup;
			children = (
				D3C6E7A41A6CF7FE0009CCDC /* Info.plist */,
			);
			name = "Supporting Files";
			sourceTree = "<group>";
		};
/* End PBXGroup section */

/* Begin PBXNativeTarget section */
		D3C6E7851A6CF7FE0009CCDC /* autoresizingMaskDemo */ = {
			isa = PBXNativeTarget;
			buildConfigurationList = D3C6E7A91A6CF7FE0009CCDC /* Build configuration list for PBXNativeTarget "autoresizingMaskDemo" */;
			buildPhases = (
				D3C6E7821A6CF7FE0009CCDC /* Sources */,
				D3C6E7831A6CF7FE0009CCDC /* Frameworks */,
				D3C6E7841A6CF7FE0009CCDC /* Resources */,
			);
			buildRules = (
			);
			dependencies = (
			);
			name = autoresizingMaskDemo;
			productName = autoresizingMaskDemo;
			productReference = D3C6E7861A6CF7FE0009CCDC /* autoresizingMaskDemo.app */;
			productType = "com.apple.product-type.application";
		};
		D3C6E79E1A6CF7FE0009CCDC /* autoresizingMaskDemoTests */ = {
			isa = PBXNativeTarget;
			buildConfigurationList = D3C6E7AC1A6CF7FE0009CCDC /* Build configuration list for PBXNativeTarget "autoresizingMaskDemoTests" */;
			buildPhases = (
				D3C6E79B1A6CF7FE0009CCDC /* Sources */,
				D3C6E79C1A6CF7FE0009CCDC /* Frameworks */,
				D3C6E79D1A6CF7FE0009CCDC /* Resources */,
			);
			buildRules = (
			);
			dependencies = (
				D3C6E7A11A6CF7FE0009CCDC /* PBXTargetDependency */,
			);
			name = autoresizingMaskDemoTests;
			productName = autoresizingMaskDemoTests;
			productReference = D3C6E79F1A6CF7FE0009CCDC /* autoresizingMaskDemoTests.xctest */;
			productType = "com.apple.product-type.bundle.unit-test";
		};
/* End PBXNativeTarget section */

/* Begin PBXProject section */
		D3C6E77E1A6CF7FE0009CCDC /* Project object */ = {
			isa = PBXProject;
			attributes = {
				LastUpgradeCheck = 0610;
				ORGANIZATIONNAME = xidanjueying;
				TargetAttributes = {
					D3C6E7851A6CF7FE0009CCDC = {
						CreatedOnToolsVersion = 6.1.1;
					};
					D3C6E79E1A6CF7FE0009CCDC = {
						CreatedOnToolsVersion = 6.1.1;
						TestTargetID = D3C6E7851A6CF7FE0009CCDC;
					};
				};
			};
			buildConfigurationList = D3C6E7811A6CF7FE0009CCDC /* Build configuration list for PBXProject "autoresizingMaskDemo" */;
			compatibilityVersion = "Xcode 3.2";
			developmentRegion = English;
			hasScannedForEncodings = 0;
			knownRegions = (
				en,
				Base,
			);
			mainGroup = D3C6E77D1A6CF7FE0009CCDC;
			productRefGroup = D3C6E7871A6CF7FE0009CCDC /* Products */;
			projectDirPath = "";
			projectRoot = "";
			targets = (
				D3C6E7851A6CF7FE0009CCDC /* autoresizingMaskDemo */,
				D3C6E79E1A6CF7FE0009CCDC /* autoresizingMaskDemoTests */,
			);
		};
/* End PBXProject section */

/* Begin PBXResourcesBuildPhase section */
		D3C6E7841A6CF7FE0009CCDC /* Resources */ = {
			isa = PBXResourcesBuildPhase;
			buildActionMask = 2147483647;
			files = (
				D3C6E7951A6CF7FE0009CCDC /* Main.storyboard in Resources */,
				D3C6E79A1A6CF7FE0009CCDC /* LaunchScreen.xib in Resources */,
				D3C6E7971A6CF7FE0009CCDC /* Images.xcassets in Resources */,
			);
			runOnlyForDeploymentPostprocessing = 0;
		};
		D3C6E79D1A6CF7FE0009CCDC /* Resources */ = {
			isa = PBXResourcesBuildPhase;
			buildActionMask = 2147483647;
			files = (
			);
			runOnlyForDeploymentPostprocessing = 0;
		};
/* End PBXResourcesBuildPhase section */

/* Begin PBXSourcesBuildPhase section */
		D3C6E7821A6CF7FE0009CCDC /* Sources */ = {
			isa = PBXSourcesBuildPhase;
			buildActionMask = 2147483647;
			files = (
				D3C6E7921A6CF7FE0009CCDC /* ViewController.m in Sources */,
				D3C6E78F1A6CF7FE0009CCDC /* AppDelegate.m in Sources */,
				D3C6E78C1A6CF7FE0009CCDC /* main.m in Sources */,
			);
			runOnlyForDeploymentPostprocessing = 0;
		};
		D3C6E79B1A6CF7FE0009CCDC /* Sources */ = {
			isa = PBXSourcesBuildPhase;
			buildActionMask = 2147483647;
			files = (
				D3C6E7A61A6CF7FE0009CCDC /* autoresizingMaskDemoTests.m in Sources */,
			);
			runOnlyForDeploymentPostprocessing = 0;
		};
/* End PBXSourcesBuildPhase section */

/* Begin PBXTargetDependency section */
		D3C6E7A11A6CF7FE0009CCDC /* PBXTargetDependency */ = {
			isa = PBXTargetDependency;
			target = D3C6E7851A6CF7FE0009CCDC /* autoresizingMaskDemo */;
			targetProxy = D3C6E7A01A6CF7FE0009CCDC /* PBXContainerItemProxy */;
		};
/* End PBXTargetDependency section */

/* Begin PBXVariantGroup section */
		D3C6E7931A6CF7FE0009CCDC /* Main.storyboard */ = {
			isa = PBXVariantGroup;
			children = (
				D3C6E7941A6CF7FE0009CCDC /* Base */,
			);
			name = Main.storyboard;
			sourceTree = "<group>";
		};
		D3C6E7981A6CF7FE0009CCDC /* LaunchScreen.xib */ = {
			isa = PBXVariantGroup;
			children = (
				D3C6E7991A6CF7FE0009CCDC /* Base */,
			);
			name = LaunchScreen.xib;
			sourceTree = "<group>";
		};
/* End PBXVariantGroup section */

/* Begin XCBuildConfiguration section */
		D3C6E7A71A6CF7FE0009CCDC /* Debug */ = {
			isa = XCBuildConfiguration;
			buildSettings = {
				ALWAYS_SEARCH_USER_PATHS = NO;
				CLANG_CXX_LANGUAGE_STANDARD = "gnu++0x";
				CLANG_CXX_LIBRARY = "libc++";
				CLANG_ENABLE_MODULES = YES;
				CLANG_ENABLE_OBJC_ARC = YES;
				CLANG_WARN_BOOL_CONVERSION = YES;
				CLANG_WARN_CONSTANT_CONVERSION = YES;
				CLANG_WARN_DIRECT_OBJC_ISA_USAGE = YES_ERROR;
				CLANG_WARN_EMPTY_BODY = YES;
				CLANG_WARN_ENUM_CONVERSION = YES;
				CLANG_WARN_INT_CONVERSION = YES;
				CLANG_WARN_OBJC_ROOT_CLASS = YES_ERROR;
				CLANG_WARN_UNREACHABLE_CODE = YES;
				CLANG_WARN__DUPLICATE_METHOD_MATCH = YES;
				"CODE_SIGN_IDENTITY[sdk=iphoneos*]" = "iPhone Developer";
				COPY_PHASE_STRIP = NO;
				ENABLE_STRICT_OBJC_MSGSEND = YES;
				GCC_C_LANGUAGE_STANDARD = gnu99;
				GCC_DYNAMIC_NO_PIC = NO;
				GCC_OPTIMIZATION_LEVEL = 0;
				GCC_PREPROCESSOR_DEFINITIONS = (
					"DEBUG=1",
					"$(inherited)",
				);
				GCC_SYMBOLS_PRIVATE_EXTERN = NO;
				GCC_WARN_64_TO_32_BIT_CONVERSION = YES;
				GCC_WARN_ABOUT_RETURN_TYPE = YES_ERROR;
				GCC_WARN_UNDECLARED_SELECTOR = YES;
				GCC_WARN_UNINITIALIZED_AUTOS = YES_AGGRESSIVE;
				GCC_WARN_UNUSED_FUNCTION = YES;
				GCC_WARN_UNUSED_VARIABLE = YES;
				IPHONEOS_DEPLOYMENT_TARGET = 8.1;
				MTL_ENABLE_DEBUG_INFO = YES;
				ONLY_ACTIVE_ARCH = YES;
				SDKROOT = iphoneos;
			};
			name = Debug;
		};
		D3C6E7A81A6CF7FE0009CCDC /* Release */ = {
			isa = XCBuildConfiguration;
			buildSettings = {
				ALWAYS_SEARCH_USER_PATHS = NO;
				CLANG_CXX_LANGUAGE_STANDARD = "gnu++0x";
				CLANG_CXX_LIBRARY = "libc++";
				CLANG_ENABLE_MODULES = YES;
				CLANG_ENABLE_OBJC_ARC = YES;
				CLANG_WARN_BOOL_CONVERSION = YES;
				CLANG_WARN_CONSTANT_CONVERSION = YES;
				CLANG_WARN_DIRECT_OBJC_ISA_USAGE = YES_ERROR;
				CLANG_WARN_EMPTY_BODY = YES;
				CLANG_WARN_ENUM_CONVERSION = YES;
				CLANG_WARN_INT_CONVERSION = YES;
				CLANG_WARN_OBJC_ROOT_CLASS = YES_ERROR;
				CLANG_WARN_UNREACHABLE_CODE = YES;
				CLANG_WARN__DUPLICATE_METHOD_MATCH = YES;
				"CODE_SIGN_IDENTITY[sdk=iphoneos*]" = "iPhone Developer";
				COPY_PHASE_STRIP = YES;
				ENABLE_NS_ASSERTIONS = NO;
				ENABLE_STRICT_OBJC_MSGSEND = YES;
				GCC_C_LANGUAGE_STANDARD = gnu99;
				GCC_WARN_64_TO_32_BIT_CONVERSION = YES;
				GCC_WARN_ABOUT_RETURN_TYPE = YES_ERROR;
				GCC_WARN_UNDECLARED_SELECTOR = YES;
				GCC_WARN_UNINITIALIZED_AUTOS = YES_AGGRESSIVE;
				GCC_WARN_UNUSED_FUNCTION = YES;
				GCC_WARN_UNUSED_VARIABLE = YES;
				IPHONEOS_DEPLOYMENT_TARGET = 8.1;
				MTL_ENABLE_DEBUG_INFO = NO;
				SDKROOT = iphoneos;
				VALIDATE_PRODUCT = YES;
			};
			name = Release;
		};
		D3C6E7AA1A6CF7FE0009CCDC /* Debug */ = {
			isa = XCBuildConfiguration;
			buildSettings = {
				ASSETCATALOG_COMPILER_APPICON_NAME = AppIcon;
				INFOPLIST_FILE = autoresizingMaskDemo/Info.plist;
				LD_RUNPATH_SEARCH_PATHS = "$(inherited) @executable_path/Frameworks";
				PRODUCT_NAME = "$(TARGET_NAME)";
			};
			name = Debug;
		};
		D3C6E7AB1A6CF7FE0009CCDC /* Release */ = {
			isa = XCBuildConfiguration;
			buildSettings = {
				ASSETCATALOG_COMPILER_APPICON_NAME = AppIcon;
				INFOPLIST_FILE = autoresizingMaskDemo/Info.plist;
				LD_RUNPATH_SEARCH_PATHS = "$(inherited) @executable_path/Frameworks";
				PRODUCT_NAME = "$(TARGET_NAME)";
			};
			name = Release;
		};
		D3C6E7AD1A6CF7FE0009CCDC /* Debug */ = {
			isa = XCBuildConfiguration;
			buildSettings = {
				BUNDLE_LOADER = "$(TEST_HOST)";
				FRAMEWORK_SEARCH_PATHS = (
					"$(SDKROOT)/Developer/Library/Frameworks",
					"$(inherited)",
				);
				GCC_PREPROCESSOR_DEFINITIONS = (
					"DEBUG=1",
					"$(inherited)",
				);
				INFOPLIST_FILE = autoresizingMaskDemoTests/Info.plist;
				LD_RUNPATH_SEARCH_PATHS = "$(inherited) @executable_path/Frameworks @loader_path/Frameworks";
				PRODUCT_NAME = "$(TARGET_NAME)";
				TEST_HOST = "$(BUILT_PRODUCTS_DIR)/autoresizingMaskDemo.app/autoresizingMaskDemo";
			};
			name = Debug;
		};
		D3C6E7AE1A6CF7FE0009CCDC /* Release */ = {
			isa = XCBuildConfiguration;
			buildSettings = {
				BUNDLE_LOADER = "$(TEST_HOST)";
				FRAMEWORK_SEARCH_PATHS = (
					"$(SDKROOT)/Developer/Library/Frameworks",
					"$(inherited)",
				);
				INFOPLIST_FILE = autoresizingMaskDemoTests/Info.plist;
				LD_RUNPATH_SEARCH_PATHS = "$(inherited) @executable_path/Frameworks @loader_path/Frameworks";
				PRODUCT_NAME = "$(TARGET_NAME)";
				TEST_HOST = "$(BUILT_PRODUCTS_DIR)/autoresizingMaskDemo.app/autoresizingMaskDemo";
			};
			name = Release;
		};
/* End XCBuildConfiguration section */

/* Begin XCConfigurationList section */
		D3C6E7811A6CF7FE0009CCDC /* Build configuration list for PBXProject "autoresizingMaskDemo" */ = {
			isa = XCConfigurationList;
			buildConfigurations = (
				D3C6E7A71A6CF7FE0009CCDC /* Debug */,
				D3C6E7A81A6CF7FE0009CCDC /* Release */,
			);
			defaultConfigurationIsVisible = 0;
			defaultConfigurationName = Release;
		};
		D3C6E7A91A6CF7FE0009CCDC /* Build configuration list for PBXNativeTarget "autoresizingMaskDemo" */ = {
			isa = XCConfigurationList;
			buildConfigurations = (
				D3C6E7AA1A6CF7FE0009CCDC /* Debug */,
				D3C6E7AB1A6CF7FE0009CCDC /* Release */,
			);
			defaultConfigurationIsVisible = 0;
		};
		D3C6E7AC1A6CF7FE0009CCDC /* Build configuration list for PBXNativeTarget "autoresizingMaskDemoTests" */ = {
			isa = XCConfigurationList;
			buildConfigurations = (
				D3C6E7AD1A6CF7FE0009CCDC /* Debug */,
				D3C6E7AE1A6CF7FE0009CCDC /* Release */,
			);
			defaultConfigurationIsVisible = 0;
		};
/* End XCConfigurationList section */
	};
	rootObject = D3C6E77E1A6CF7FE0009CCDC /* Project object */;
}
