// !$*UTF8*$!
{
	archiveVersion = 1;
	classes = {
	};
	objectVersion = 46;
	objects = {

/* Begin PBXBuildFile section */
		D3EEB7461A7B931700CB3B04 /* main.m in Sources */ = {isa = PBXBuildFile; fileRef = D3EEB7451A7B931700CB3B04 /* main.m */; };
		D3EEB7491A7B931700CB3B04 /* AppDelegate.m in Sources */ = {isa = PBXBuildFile; fileRef = D3EEB7481A7B931700CB3B04 /* AppDelegate.m */; };
		D3EEB74C1A7B931700CB3B04 /* ViewController.m in Sources */ = {isa = PBXBuildFile; fileRef = D3EEB74B1A7B931700CB3B04 /* ViewController.m */; };
		D3EEB74F1A7B931700CB3B04 /* Main.storyboard in Resources */ = {isa = PBXBuildFile; fileRef = D3EEB74D1A7B931700CB3B04 /* Main.storyboard */; };
		D3EEB7511A7B931700CB3B04 /* Images.xcassets in Resources */ = {isa = PBXBuildFile; fileRef = D3EEB7501A7B931700CB3B04 /* Images.xcassets */; };
		D3EEB7541A7B931700CB3B04 /* LaunchScreen.xib in Resources */ = {isa = PBXBuildFile; fileRef = D3EEB7521A7B931700CB3B04 /* LaunchScreen.xib */; };
		D3EEB7601A7B931700CB3B04 /* RoundHeadDemoTests.m in Sources */ = {isa = PBXBuildFile; fileRef = D3EEB75F1A7B931700CB3B04 /* RoundHeadDemoTests.m */; };
		D3EEB76B1A7BAB0000CB3B04 /* 1.jpg in Resources */ = {isa = PBXBuildFile; fileRef = D3EEB76A1A7BAB0000CB3B04 /* 1.jpg */; };
/* End PBXBuildFile section */

/* Begin PBXContainerItemProxy section */
		D3EEB75A1A7B931700CB3B04 /* PBXContainerItemProxy */ = {
			isa = PBXContainerItemProxy;
			containerPortal = D3EEB7381A7B931700CB3B04 /* Project object */;
			proxyType = 1;
			remoteGlobalIDString = D3EEB73F1A7B931700CB3B04;
			remoteInfo = RoundHeadDemo;
		};
/* End PBXContainerItemProxy section */

/* Begin PBXFileReference section */
		D3EEB7401A7B931700CB3B04 /* RoundHeadDemo.app */ = {isa = PBXFileReference; explicitFileType = wrapper.application; includeInIndex = 0; path = RoundHeadDemo.app; sourceTree = BUILT_PRODUCTS_DIR; };
		D3EEB7441A7B931700CB3B04 /* Info.plist */ = {isa = PBXFileReference; lastKnownFileType = text.plist.xml; path = Info.plist; sourceTree = "<group>"; };
		D3EEB7451A7B931700CB3B04 /* main.m */ = {isa = PBXFileReference; lastKnownFileType = sourcecode.c.objc; path = main.m; sourceTree = "<group>"; };
		D3EEB7471A7B931700CB3B04 /* AppDelegate.h */ = {isa = PBXFileReference; lastKnownFileType = sourcecode.c.h; path = AppDelegate.h; sourceTree = "<group>"; };
		D3EEB7481A7B931700CB3B04 /* AppDelegate.m */ = {isa = PBXFileReference; lastKnownFileType = sourcecode.c.objc; path = AppDelegate.m; sourceTree = "<group>"; };
		D3EEB74A1A7B931700CB3B04 /* ViewController.h */ = {isa = PBXFileReference; lastKnownFileType = sourcecode.c.h; path = ViewController.h; sourceTree = "<group>"; };
		D3EEB74B1A7B931700CB3B04 /* ViewController.m */ = {isa = PBXFileReference; lastKnownFileType = sourcecode.c.objc; path = ViewController.m; sourceTree = "<group>"; };
		D3EEB74E1A7B931700CB3B04 /* Base */ = {isa = PBXFileReference; lastKnownFileType = file.storyboard; name = Base; path = Base.lproj/Main.storyboard; sourceTree = "<group>"; };
		D3EEB7501A7B931700CB3B04 /* Images.xcassets */ = {isa = PBXFileReference; lastKnownFileType = folder.assetcatalog; path = Images.xcassets; sourceTree = "<group>"; };
		D3EEB7531A7B931700CB3B04 /* Base */ = {isa = PBXFileReference; lastKnownFileType = file.xib; name = Base; path = Base.lproj/LaunchScreen.xib; sourceTree = "<group>"; };
		D3EEB7591A7B931700CB3B04 /* RoundHeadDemoTests.xctest */ = {isa = PBXFileReference; explicitFileType = wrapper.cfbundle; includeInIndex = 0; path = RoundHeadDemoTests.xctest; sourceTree = BUILT_PRODUCTS_DIR; };
		D3EEB75E1A7B931700CB3B04 /* Info.plist */ = {isa = PBXFileReference; lastKnownFileType = text.plist.xml; path = Info.plist; sourceTree = "<group>"; };
		D3EEB75F1A7B931700CB3B04 /* RoundHeadDemoTests.m */ = {isa = PBXFileReference; lastKnownFileType = sourcecode.c.objc; path = RoundHeadDemoTests.m; sourceTree = "<group>"; };
		D3EEB76A1A7BAB0000CB3B04 /* 1.jpg */ = {isa = PBXFileReference; lastKnownFileType = image.jpeg; path = 1.jpg; sourceTree = "<group>"; };
/* End PBXFileReference section */

/* Begin PBXFrameworksBuildPhase section */
		D3EEB73D1A7B931700CB3B04 /* Frameworks */ = {
			isa = PBXFrameworksBuildPhase;
			buildActionMask = 2147483647;
			files = (
			);
			runOnlyForDeploymentPostprocessing = 0;
		};
		D3EEB7561A7B931700CB3B04 /* Frameworks */ = {
			isa = PBXFrameworksBuildPhase;
			buildActionMask = 2147483647;
			files = (
			);
			runOnlyForDeploymentPostprocessing = 0;
		};
/* End PBXFrameworksBuildPhase section */

/* Begin PBXGroup section */
		D3EEB7371A7B931700CB3B04 = {
			isa = PBXGroup;
			children = (
				D3EEB7421A7B931700CB3B04 /* RoundHeadDemo */,
				D3EEB75C1A7B931700CB3B04 /* RoundHeadDemoTests */,
				D3EEB7411A7B931700CB3B04 /* Products */,
			);
			sourceTree = "<group>";
		};
		D3EEB7411A7B931700CB3B04 /* Products */ = {
			isa = PBXGroup;
			children = (
				D3EEB7401A7B931700CB3B04 /* RoundHeadDemo.app */,
				D3EEB7591A7B931700CB3B04 /* RoundHeadDemoTests.xctest */,
			);
			name = Products;
			sourceTree = "<group>";
		};
		D3EEB7421A7B931700CB3B04 /* RoundHeadDemo */ = {
			isa = PBXGroup;
			children = (
				D3EEB7691A7BAAEB00CB3B04 /* resources */,
				D3EEB7471A7B931700CB3B04 /* AppDelegate.h */,
				D3EEB7481A7B931700CB3B04 /* AppDelegate.m */,
				D3EEB74A1A7B931700CB3B04 /* ViewController.h */,
				D3EEB74B1A7B931700CB3B04 /* ViewController.m */,
				D3EEB74D1A7B931700CB3B04 /* Main.storyboard */,
				D3EEB7501A7B931700CB3B04 /* Images.xcassets */,
				D3EEB7521A7B931700CB3B04 /* LaunchScreen.xib */,
				D3EEB7431A7B931700CB3B04 /* Supporting Files */,
			);
			path = RoundHeadDemo;
			sourceTree = "<group>";
		};
		D3EEB7431A7B931700CB3B04 /* Supporting Files */ = {
			isa = PBXGroup;
			children = (
				D3EEB7441A7B931700CB3B04 /* Info.plist */,
				D3EEB7451A7B931700CB3B04 /* main.m */,
			);
			name = "Supporting Files";
			sourceTree = "<group>";
		};
		D3EEB75C1A7B931700CB3B04 /* RoundHeadDemoTests */ = {
			isa = PBXGroup;
			children = (
				D3EEB75F1A7B931700CB3B04 /* RoundHeadDemoTests.m */,
				D3EEB75D1A7B931700CB3B04 /* Supporting Files */,
			);
			path = RoundHeadDemoTests;
			sourceTree = "<group>";
		};
		D3EEB75D1A7B931700CB3B04 /* Supporting Files */ = {
			isa = PBXGroup;
			children = (
				D3EEB75E1A7B931700CB3B04 /* Info.plist */,
			);
			name = "Supporting Files";
			sourceTree = "<group>";
		};
		D3EEB7691A7BAAEB00CB3B04 /* resources */ = {
			isa = PBXGroup;
			children = (
				D3EEB76A1A7BAB0000CB3B04 /* 1.jpg */,
			);
			name = resources;
			sourceTree = "<group>";
		};
/* End PBXGroup section */

/* Begin PBXNativeTarget section */
		D3EEB73F1A7B931700CB3B04 /* RoundHeadDemo */ = {
			isa = PBXNativeTarget;
			buildConfigurationList = D3EEB7631A7B931700CB3B04 /* Build configuration list for PBXNativeTarget "RoundHeadDemo" */;
			buildPhases = (
				D3EEB73C1A7B931700CB3B04 /* Sources */,
				D3EEB73D1A7B931700CB3B04 /* Frameworks */,
				D3EEB73E1A7B931700CB3B04 /* Resources */,
			);
			buildRules = (
			);
			dependencies = (
			);
			name = RoundHeadDemo;
			productName = RoundHeadDemo;
			productReference = D3EEB7401A7B931700CB3B04 /* RoundHeadDemo.app */;
			productType = "com.apple.product-type.application";
		};
		D3EEB7581A7B931700CB3B04 /* RoundHeadDemoTests */ = {
			isa = PBXNativeTarget;
			buildConfigurationList = D3EEB7661A7B931700CB3B04 /* Build configuration list for PBXNativeTarget "RoundHeadDemoTests" */;
			buildPhases = (
				D3EEB7551A7B931700CB3B04 /* Sources */,
				D3EEB7561A7B931700CB3B04 /* Frameworks */,
				D3EEB7571A7B931700CB3B04 /* Resources */,
			);
			buildRules = (
			);
			dependencies = (
				D3EEB75B1A7B931700CB3B04 /* PBXTargetDependency */,
			);
			name = RoundHeadDemoTests;
			productName = RoundHeadDemoTests;
			productReference = D3EEB7591A7B931700CB3B04 /* RoundHeadDemoTests.xctest */;
			productType = "com.apple.product-type.bundle.unit-test";
		};
/* End PBXNativeTarget section */

/* Begin PBXProject section */
		D3EEB7381A7B931700CB3B04 /* Project object */ = {
			isa = PBXProject;
			attributes = {
				LastUpgradeCheck = 0610;
				ORGANIZATIONNAME = xidanjueying;
				TargetAttributes = {
					D3EEB73F1A7B931700CB3B04 = {
						CreatedOnToolsVersion = 6.1.1;
					};
					D3EEB7581A7B931700CB3B04 = {
						CreatedOnToolsVersion = 6.1.1;
						TestTargetID = D3EEB73F1A7B931700CB3B04;
					};
				};
			};
			buildConfigurationList = D3EEB73B1A7B931700CB3B04 /* Build configuration list for PBXProject "RoundHeadDemo" */;
			compatibilityVersion = "Xcode 3.2";
			developmentRegion = English;
			hasScannedForEncodings = 0;
			knownRegions = (
				en,
				Base,
			);
			mainGroup = D3EEB7371A7B931700CB3B04;
			productRefGroup = D3EEB7411A7B931700CB3B04 /* Products */;
			projectDirPath = "";
			projectRoot = "";
			targets = (
				D3EEB73F1A7B931700CB3B04 /* RoundHeadDemo */,
				D3EEB7581A7B931700CB3B04 /* RoundHeadDemoTests */,
			);
		};
/* End PBXProject section */

/* Begin PBXResourcesBuildPhase section */
		D3EEB73E1A7B931700CB3B04 /* Resources */ = {
			isa = PBXResourcesBuildPhase;
			buildActionMask = 2147483647;
			files = (
				D3EEB74F1A7B931700CB3B04 /* Main.storyboard in Resources */,
				D3EEB76B1A7BAB0000CB3B04 /* 1.jpg in Resources */,
				D3EEB7541A7B931700CB3B04 /* LaunchScreen.xib in Resources */,
				D3EEB7511A7B931700CB3B04 /* Images.xcassets in Resources */,
			);
			runOnlyForDeploymentPostprocessing = 0;
		};
		D3EEB7571A7B931700CB3B04 /* Resources */ = {
			isa = PBXResourcesBuildPhase;
			buildActionMask = 2147483647;
			files = (
			);
			runOnlyForDeploymentPostprocessing = 0;
		};
/* End PBXResourcesBuildPhase section */

/* Begin PBXSourcesBuildPhase section */
		D3EEB73C1A7B931700CB3B04 /* Sources */ = {
			isa = PBXSourcesBuildPhase;
			buildActionMask = 2147483647;
			files = (
				D3EEB74C1A7B931700CB3B04 /* ViewController.m in Sources */,
				D3EEB7491A7B931700CB3B04 /* AppDelegate.m in Sources */,
				D3EEB7461A7B931700CB3B04 /* main.m in Sources */,
			);
			runOnlyForDeploymentPostprocessing = 0;
		};
		D3EEB7551A7B931700CB3B04 /* Sources */ = {
			isa = PBXSourcesBuildPhase;
			buildActionMask = 2147483647;
			files = (
				D3EEB7601A7B931700CB3B04 /* RoundHeadDemoTests.m in Sources */,
			);
			runOnlyForDeploymentPostprocessing = 0;
		};
/* End PBXSourcesBuildPhase section */

/* Begin PBXTargetDependency section */
		D3EEB75B1A7B931700CB3B04 /* PBXTargetDependency */ = {
			isa = PBXTargetDependency;
			target = D3EEB73F1A7B931700CB3B04 /* RoundHeadDemo */;
			targetProxy = D3EEB75A1A7B931700CB3B04 /* PBXContainerItemProxy */;
		};
/* End PBXTargetDependency section */

/* Begin PBXVariantGroup section */
		D3EEB74D1A7B931700CB3B04 /* Main.storyboard */ = {
			isa = PBXVariantGroup;
			children = (
				D3EEB74E1A7B931700CB3B04 /* Base */,
			);
			name = Main.storyboard;
			sourceTree = "<group>";
		};
		D3EEB7521A7B931700CB3B04 /* LaunchScreen.xib */ = {
			isa = PBXVariantGroup;
			children = (
				D3EEB7531A7B931700CB3B04 /* Base */,
			);
			name = LaunchScreen.xib;
			sourceTree = "<group>";
		};
/* End PBXVariantGroup section */

/* Begin XCBuildConfiguration section */
		D3EEB7611A7B931700CB3B04 /* Debug */ = {
			isa = XCBuildConfiguration;
			buildSettings = {
				ALWAYS_SEARCH_USER_PATHS = NO;
				CLANG_CXX_LANGUAGE_STANDARD = "gnu++0x";
				CLANG_CXX_LIBRARY = "libc++";
				CLANG_ENABLE_MODULES = YES;
				CLANG_ENABLE_OBJC_ARC = YES;
				CLANG_WARN_BOOL_CONVERSION = YES;
				CLANG_WARN_CONSTANT_CONVERSION = YES;
				CLANG_WARN_DIRECT_OBJC_ISA_USAGE = YES_ERROR;
				CLANG_WARN_EMPTY_BODY = YES;
				CLANG_WARN_ENUM_CONVERSION = YES;
				CLANG_WARN_INT_CONVERSION = YES;
				CLANG_WARN_OBJC_ROOT_CLASS = YES_ERROR;
				CLANG_WARN_UNREACHABLE_CODE = YES;
				CLANG_WARN__DUPLICATE_METHOD_MATCH = YES;
				"CODE_SIGN_IDENTITY[sdk=iphoneos*]" = "iPhone Developer";
				COPY_PHASE_STRIP = NO;
				ENABLE_STRICT_OBJC_MSGSEND = YES;
				GCC_C_LANGUAGE_STANDARD = gnu99;
				GCC_DYNAMIC_NO_PIC = NO;
				GCC_OPTIMIZATION_LEVEL = 0;
				GCC_PREPROCESSOR_DEFINITIONS = (
					"DEBUG=1",
					"$(inherited)",
				);
				GCC_SYMBOLS_PRIVATE_EXTERN = NO;
				GCC_WARN_64_TO_32_BIT_CONVERSION = YES;
				GCC_WARN_ABOUT_RETURN_TYPE = YES_ERROR;
				GCC_WARN_UNDECLARED_SELECTOR = YES;
				GCC_WARN_UNINITIALIZED_AUTOS = YES_AGGRESSIVE;
				GCC_WARN_UNUSED_FUNCTION = YES;
				GCC_WARN_UNUSED_VARIABLE = YES;
				IPHONEOS_DEPLOYMENT_TARGET = 8.1;
				MTL_ENABLE_DEBUG_INFO = YES;
				ONLY_ACTIVE_ARCH = YES;
				SDKROOT = iphoneos;
			};
			name = Debug;
		};
		D3EEB7621A7B931700CB3B04 /* Release */ = {
			isa = XCBuildConfiguration;
			buildSettings = {
				ALWAYS_SEARCH_USER_PATHS = NO;
				CLANG_CXX_LANGUAGE_STANDARD = "gnu++0x";
				CLANG_CXX_LIBRARY = "libc++";
				CLANG_ENABLE_MODULES = YES;
				CLANG_ENABLE_OBJC_ARC = YES;
				CLANG_WARN_BOOL_CONVERSION = YES;
				CLANG_WARN_CONSTANT_CONVERSION = YES;
				CLANG_WARN_DIRECT_OBJC_ISA_USAGE = YES_ERROR;
				CLANG_WARN_EMPTY_BODY = YES;
				CLANG_WARN_ENUM_CONVERSION = YES;
				CLANG_WARN_INT_CONVERSION = YES;
				CLANG_WARN_OBJC_ROOT_CLASS = YES_ERROR;
				CLANG_WARN_UNREACHABLE_CODE = YES;
				CLANG_WARN__DUPLICATE_METHOD_MATCH = YES;
				"CODE_SIGN_IDENTITY[sdk=iphoneos*]" = "iPhone Developer";
				COPY_PHASE_STRIP = YES;
				ENABLE_NS_ASSERTIONS = NO;
				ENABLE_STRICT_OBJC_MSGSEND = YES;
				GCC_C_LANGUAGE_STANDARD = gnu99;
				GCC_WARN_64_TO_32_BIT_CONVERSION = YES;
				GCC_WARN_ABOUT_RETURN_TYPE = YES_ERROR;
				GCC_WARN_UNDECLARED_SELECTOR = YES;
				GCC_WARN_UNINITIALIZED_AUTOS = YES_AGGRESSIVE;
				GCC_WARN_UNUSED_FUNCTION = YES;
				GCC_WARN_UNUSED_VARIABLE = YES;
				IPHONEOS_DEPLOYMENT_TARGET = 8.1;
				MTL_ENABLE_DEBUG_INFO = NO;
				SDKROOT = iphoneos;
				VALIDATE_PRODUCT = YES;
			};
			name = Release;
		};
		D3EEB7641A7B931700CB3B04 /* Debug */ = {
			isa = XCBuildConfiguration;
			buildSettings = {
				ASSETCATALOG_COMPILER_APPICON_NAME = AppIcon;
				INFOPLIST_FILE = RoundHeadDemo/Info.plist;
				LD_RUNPATH_SEARCH_PATHS = "$(inherited) @executable_path/Frameworks";
				PRODUCT_NAME = "$(TARGET_NAME)";
			};
			name = Debug;
		};
		D3EEB7651A7B931700CB3B04 /* Release */ = {
			isa = XCBuildConfiguration;
			buildSettings = {
				ASSETCATALOG_COMPILER_APPICON_NAME = AppIcon;
				INFOPLIST_FILE = RoundHeadDemo/Info.plist;
				LD_RUNPATH_SEARCH_PATHS = "$(inherited) @executable_path/Frameworks";
				PRODUCT_NAME = "$(TARGET_NAME)";
			};
			name = Release;
		};
		D3EEB7671A7B931700CB3B04 /* Debug */ = {
			isa = XCBuildConfiguration;
			buildSettings = {
				BUNDLE_LOADER = "$(TEST_HOST)";
				FRAMEWORK_SEARCH_PATHS = (
					"$(SDKROOT)/Developer/Library/Frameworks",
					"$(inherited)",
				);
				GCC_PREPROCESSOR_DEFINITIONS = (
					"DEBUG=1",
					"$(inherited)",
				);
				INFOPLIST_FILE = RoundHeadDemoTests/Info.plist;
				LD_RUNPATH_SEARCH_PATHS = "$(inherited) @executable_path/Frameworks @loader_path/Frameworks";
				PRODUCT_NAME = "$(TARGET_NAME)";
				TEST_HOST = "$(BUILT_PRODUCTS_DIR)/RoundHeadDemo.app/RoundHeadDemo";
			};
			name = Debug;
		};
		D3EEB7681A7B931700CB3B04 /* Release */ = {
			isa = XCBuildConfiguration;
			buildSettings = {
				BUNDLE_LOADER = "$(TEST_HOST)";
				FRAMEWORK_SEARCH_PATHS = (
					"$(SDKROOT)/Developer/Library/Frameworks",
					"$(inherited)",
				);
				INFOPLIST_FILE = RoundHeadDemoTests/Info.plist;
				LD_RUNPATH_SEARCH_PATHS = "$(inherited) @executable_path/Frameworks @loader_path/Frameworks";
				PRODUCT_NAME = "$(TARGET_NAME)";
				TEST_HOST = "$(BUILT_PRODUCTS_DIR)/RoundHeadDemo.app/RoundHeadDemo";
			};
			name = Release;
		};
/* End XCBuildConfiguration section */

/* Begin XCConfigurationList section */
		D3EEB73B1A7B931700CB3B04 /* Build configuration list for PBXProject "RoundHeadDemo" */ = {
			isa = XCConfigurationList;
			buildConfigurations = (
				D3EEB7611A7B931700CB3B04 /* Debug */,
				D3EEB7621A7B931700CB3B04 /* Release */,
			);
			defaultConfigurationIsVisible = 0;
			defaultConfigurationName = Release;
		};
		D3EEB7631A7B931700CB3B04 /* Build configuration list for PBXNativeTarget "RoundHeadDemo" */ = {
			isa = XCConfigurationList;
			buildConfigurations = (
				D3EEB7641A7B931700CB3B04 /* Debug */,
				D3EEB7651A7B931700CB3B04 /* Release */,
			);
			defaultConfigurationIsVisible = 0;
		};
		D3EEB7661A7B931700CB3B04 /* Build configuration list for PBXNativeTarget "RoundHeadDemoTests" */ = {
			isa = XCConfigurationList;
			buildConfigurations = (
				D3EEB7671A7B931700CB3B04 /* Debug */,
				D3EEB7681A7B931700CB3B04 /* Release */,
			);
			defaultConfigurationIsVisible = 0;
		};
/* End XCConfigurationList section */
	};
	rootObject = D3EEB7381A7B931700CB3B04 /* Project object */;
}
