// !$*UTF8*$!
{
	archiveVersion = 1;
	classes = {
	};
	objectVersion = 46;
	objects = {

/* Begin PBXBuildFile section */
		D353731C1ADC05F70015F0F7 /* main.m in Sources */ = {isa = PBXBuildFile; fileRef = D353731B1ADC05F70015F0F7 /* main.m */; };
		D353731F1ADC05F70015F0F7 /* AppDelegate.m in Sources */ = {isa = PBXBuildFile; fileRef = D353731E1ADC05F70015F0F7 /* AppDelegate.m */; };
		D35373221ADC05F70015F0F7 /* ViewController.m in Sources */ = {isa = PBXBuildFile; fileRef = D35373211ADC05F70015F0F7 /* ViewController.m */; };
		D35373251ADC05F70015F0F7 /* Main.storyboard in Resources */ = {isa = PBXBuildFile; fileRef = D35373231ADC05F70015F0F7 /* Main.storyboard */; };
		D35373271ADC05F70015F0F7 /* Images.xcassets in Resources */ = {isa = PBXBuildFile; fileRef = D35373261ADC05F70015F0F7 /* Images.xcassets */; };
		D353732A1ADC05F70015F0F7 /* LaunchScreen.xib in Resources */ = {isa = PBXBuildFile; fileRef = D35373281ADC05F70015F0F7 /* LaunchScreen.xib */; };
		D35373361ADC05F70015F0F7 /* autolayoutTests.m in Sources */ = {isa = PBXBuildFile; fileRef = D35373351ADC05F70015F0F7 /* autolayoutTests.m */; };
		E126F02C5ACA9E7E21ADDFD7 /* libPods-autolayout.a in Frameworks */ = {isa = PBXBuildFile; fileRef = 3775398638E331CFC48D2384 /* libPods-autolayout.a */; };
/* End PBXBuildFile section */

/* Begin PBXContainerItemProxy section */
		D35373301ADC05F70015F0F7 /* PBXContainerItemProxy */ = {
			isa = PBXContainerItemProxy;
			containerPortal = D353730E1ADC05F70015F0F7 /* Project object */;
			proxyType = 1;
			remoteGlobalIDString = D35373151ADC05F70015F0F7;
			remoteInfo = autolayout;
		};
/* End PBXContainerItemProxy section */

/* Begin PBXFileReference section */
		073AA236D0A7BD894F7C4A27 /* Pods-autolayout.debug.xcconfig */ = {isa = PBXFileReference; includeInIndex = 1; lastKnownFileType = text.xcconfig; name = "Pods-autolayout.debug.xcconfig"; path = "Pods/Target Support Files/Pods-autolayout/Pods-autolayout.debug.xcconfig"; sourceTree = "<group>"; };
		3775398638E331CFC48D2384 /* libPods-autolayout.a */ = {isa = PBXFileReference; explicitFileType = archive.ar; includeInIndex = 0; path = "libPods-autolayout.a"; sourceTree = BUILT_PRODUCTS_DIR; };
		A198548AC4BCE900EF27B42B /* Pods-autolayout.release.xcconfig */ = {isa = PBXFileReference; includeInIndex = 1; lastKnownFileType = text.xcconfig; name = "Pods-autolayout.release.xcconfig"; path = "Pods/Target Support Files/Pods-autolayout/Pods-autolayout.release.xcconfig"; sourceTree = "<group>"; };
		D35373161ADC05F70015F0F7 /* autolayout.app */ = {isa = PBXFileReference; explicitFileType = wrapper.application; includeInIndex = 0; path = autolayout.app; sourceTree = BUILT_PRODUCTS_DIR; };
		D353731A1ADC05F70015F0F7 /* Info.plist */ = {isa = PBXFileReference; lastKnownFileType = text.plist.xml; path = Info.plist; sourceTree = "<group>"; };
		D353731B1ADC05F70015F0F7 /* main.m */ = {isa = PBXFileReference; lastKnownFileType = sourcecode.c.objc; path = main.m; sourceTree = "<group>"; };
		D353731D1ADC05F70015F0F7 /* AppDelegate.h */ = {isa = PBXFileReference; lastKnownFileType = sourcecode.c.h; path = AppDelegate.h; sourceTree = "<group>"; };
		D353731E1ADC05F70015F0F7 /* AppDelegate.m */ = {isa = PBXFileReference; lastKnownFileType = sourcecode.c.objc; path = AppDelegate.m; sourceTree = "<group>"; };
		D35373201ADC05F70015F0F7 /* ViewController.h */ = {isa = PBXFileReference; lastKnownFileType = sourcecode.c.h; path = ViewController.h; sourceTree = "<group>"; };
		D35373211ADC05F70015F0F7 /* ViewController.m */ = {isa = PBXFileReference; lastKnownFileType = sourcecode.c.objc; path = ViewController.m; sourceTree = "<group>"; };
		D35373241ADC05F70015F0F7 /* Base */ = {isa = PBXFileReference; lastKnownFileType = file.storyboard; name = Base; path = Base.lproj/Main.storyboard; sourceTree = "<group>"; };
		D35373261ADC05F70015F0F7 /* Images.xcassets */ = {isa = PBXFileReference; lastKnownFileType = folder.assetcatalog; path = Images.xcassets; sourceTree = "<group>"; };
		D35373291ADC05F70015F0F7 /* Base */ = {isa = PBXFileReference; lastKnownFileType = file.xib; name = Base; path = Base.lproj/LaunchScreen.xib; sourceTree = "<group>"; };
		D353732F1ADC05F70015F0F7 /* autolayoutTests.xctest */ = {isa = PBXFileReference; explicitFileType = wrapper.cfbundle; includeInIndex = 0; path = autolayoutTests.xctest; sourceTree = BUILT_PRODUCTS_DIR; };
		D35373341ADC05F70015F0F7 /* Info.plist */ = {isa = PBXFileReference; lastKnownFileType = text.plist.xml; path = Info.plist; sourceTree = "<group>"; };
		D35373351ADC05F70015F0F7 /* autolayoutTests.m */ = {isa = PBXFileReference; lastKnownFileType = sourcecode.c.objc; path = autolayoutTests.m; sourceTree = "<group>"; };
/* End PBXFileReference section */

/* Begin PBXFrameworksBuildPhase section */
		D35373131ADC05F70015F0F7 /* Frameworks */ = {
			isa = PBXFrameworksBuildPhase;
			buildActionMask = 2147483647;
			files = (
				E126F02C5ACA9E7E21ADDFD7 /* libPods-autolayout.a in Frameworks */,
			);
			runOnlyForDeploymentPostprocessing = 0;
		};
		D353732C1ADC05F70015F0F7 /* Frameworks */ = {
			isa = PBXFrameworksBuildPhase;
			buildActionMask = 2147483647;
			files = (
			);
			runOnlyForDeploymentPostprocessing = 0;
		};
/* End PBXFrameworksBuildPhase section */

/* Begin PBXGroup section */
		376AE76F72D66419F4C76C8C /* Pods */ = {
			isa = PBXGroup;
			children = (
				073AA236D0A7BD894F7C4A27 /* Pods-autolayout.debug.xcconfig */,
				A198548AC4BCE900EF27B42B /* Pods-autolayout.release.xcconfig */,
			);
			name = Pods;
			sourceTree = "<group>";
		};
		AD4E928B07838653D29AD99B /* Frameworks */ = {
			isa = PBXGroup;
			children = (
				3775398638E331CFC48D2384 /* libPods-autolayout.a */,
			);
			name = Frameworks;
			sourceTree = "<group>";
		};
		D353730D1ADC05F70015F0F7 = {
			isa = PBXGroup;
			children = (
				D35373181ADC05F70015F0F7 /* autolayout */,
				D35373321ADC05F70015F0F7 /* autolayoutTests */,
				D35373171ADC05F70015F0F7 /* Products */,
				376AE76F72D66419F4C76C8C /* Pods */,
				AD4E928B07838653D29AD99B /* Frameworks */,
			);
			sourceTree = "<group>";
		};
		D35373171ADC05F70015F0F7 /* Products */ = {
			isa = PBXGroup;
			children = (
				D35373161ADC05F70015F0F7 /* autolayout.app */,
				D353732F1ADC05F70015F0F7 /* autolayoutTests.xctest */,
			);
			name = Products;
			sourceTree = "<group>";
		};
		D35373181ADC05F70015F0F7 /* autolayout */ = {
			isa = PBXGroup;
			children = (
				D353731D1ADC05F70015F0F7 /* AppDelegate.h */,
				D353731E1ADC05F70015F0F7 /* AppDelegate.m */,
				D35373201ADC05F70015F0F7 /* ViewController.h */,
				D35373211ADC05F70015F0F7 /* ViewController.m */,
				D35373231ADC05F70015F0F7 /* Main.storyboard */,
				D35373261ADC05F70015F0F7 /* Images.xcassets */,
				D35373281ADC05F70015F0F7 /* LaunchScreen.xib */,
				D35373191ADC05F70015F0F7 /* Supporting Files */,
			);
			path = autolayout;
			sourceTree = "<group>";
		};
		D35373191ADC05F70015F0F7 /* Supporting Files */ = {
			isa = PBXGroup;
			children = (
				D353731A1ADC05F70015F0F7 /* Info.plist */,
				D353731B1ADC05F70015F0F7 /* main.m */,
			);
			name = "Supporting Files";
			sourceTree = "<group>";
		};
		D35373321ADC05F70015F0F7 /* autolayoutTests */ = {
			isa = PBXGroup;
			children = (
				D35373351ADC05F70015F0F7 /* autolayoutTests.m */,
				D35373331ADC05F70015F0F7 /* Supporting Files */,
			);
			path = autolayoutTests;
			sourceTree = "<group>";
		};
		D35373331ADC05F70015F0F7 /* Supporting Files */ = {
			isa = PBXGroup;
			children = (
				D35373341ADC05F70015F0F7 /* Info.plist */,
			);
			name = "Supporting Files";
			sourceTree = "<group>";
		};
/* End PBXGroup section */

/* Begin PBXNativeTarget section */
		D35373151ADC05F70015F0F7 /* autolayout */ = {
			isa = PBXNativeTarget;
			buildConfigurationList = D35373391ADC05F70015F0F7 /* Build configuration list for PBXNativeTarget "autolayout" */;
			buildPhases = (
				1766DCB908EBDF2CEB0F950C /* Check Pods Manifest.lock */,
				D35373121ADC05F70015F0F7 /* Sources */,
				D35373131ADC05F70015F0F7 /* Frameworks */,
				D35373141ADC05F70015F0F7 /* Resources */,
				16D1E1079A6F02E9E53C423B /* Copy Pods Resources */,
			);
			buildRules = (
			);
			dependencies = (
			);
			name = autolayout;
			productName = autolayout;
			productReference = D35373161ADC05F70015F0F7 /* autolayout.app */;
			productType = "com.apple.product-type.application";
		};
		D353732E1ADC05F70015F0F7 /* autolayoutTests */ = {
			isa = PBXNativeTarget;
			buildConfigurationList = D353733C1ADC05F70015F0F7 /* Build configuration list for PBXNativeTarget "autolayoutTests" */;
			buildPhases = (
				D353732B1ADC05F70015F0F7 /* Sources */,
				D353732C1ADC05F70015F0F7 /* Frameworks */,
				D353732D1ADC05F70015F0F7 /* Resources */,
			);
			buildRules = (
			);
			dependencies = (
				D35373311ADC05F70015F0F7 /* PBXTargetDependency */,
			);
			name = autolayoutTests;
			productName = autolayoutTests;
			productReference = D353732F1ADC05F70015F0F7 /* autolayoutTests.xctest */;
			productType = "com.apple.product-type.bundle.unit-test";
		};
/* End PBXNativeTarget section */

/* Begin PBXProject section */
		D353730E1ADC05F70015F0F7 /* Project object */ = {
			isa = PBXProject;
			attributes = {
				LastUpgradeCheck = 0620;
				ORGANIZATIONNAME = xidanjueying;
				TargetAttributes = {
					D35373151ADC05F70015F0F7 = {
						CreatedOnToolsVersion = 6.2;
					};
					D353732E1ADC05F70015F0F7 = {
						CreatedOnToolsVersion = 6.2;
						TestTargetID = D35373151ADC05F70015F0F7;
					};
				};
			};
			buildConfigurationList = D35373111ADC05F70015F0F7 /* Build configuration list for PBXProject "autolayout" */;
			compatibilityVersion = "Xcode 3.2";
			developmentRegion = English;
			hasScannedForEncodings = 0;
			knownRegions = (
				en,
				Base,
			);
			mainGroup = D353730D1ADC05F70015F0F7;
			productRefGroup = D35373171ADC05F70015F0F7 /* Products */;
			projectDirPath = "";
			projectRoot = "";
			targets = (
				D35373151ADC05F70015F0F7 /* autolayout */,
				D353732E1ADC05F70015F0F7 /* autolayoutTests */,
			);
		};
/* End PBXProject section */

/* Begin PBXResourcesBuildPhase section */
		D35373141ADC05F70015F0F7 /* Resources */ = {
			isa = PBXResourcesBuildPhase;
			buildActionMask = 2147483647;
			files = (
				D35373251ADC05F70015F0F7 /* Main.storyboard in Resources */,
				D353732A1ADC05F70015F0F7 /* LaunchScreen.xib in Resources */,
				D35373271ADC05F70015F0F7 /* Images.xcassets in Resources */,
			);
			runOnlyForDeploymentPostprocessing = 0;
		};
		D353732D1ADC05F70015F0F7 /* Resources */ = {
			isa = PBXResourcesBuildPhase;
			buildActionMask = 2147483647;
			files = (
			);
			runOnlyForDeploymentPostprocessing = 0;
		};
/* End PBXResourcesBuildPhase section */

/* Begin PBXShellScriptBuildPhase section */
		16D1E1079A6F02E9E53C423B /* Copy Pods Resources */ = {
			isa = PBXShellScriptBuildPhase;
			buildActionMask = 2147483647;
			files = (
			);
			inputPaths = (
			);
			name = "Copy Pods Resources";
			outputPaths = (
			);
			runOnlyForDeploymentPostprocessing = 0;
			shellPath = /bin/sh;
			shellScript = "\"${SRCROOT}/Pods/Target Support Files/Pods-autolayout/Pods-autolayout-resources.sh\"\n";
			showEnvVarsInLog = 0;
		};
		1766DCB908EBDF2CEB0F950C /* Check Pods Manifest.lock */ = {
			isa = PBXShellScriptBuildPhase;
			buildActionMask = 2147483647;
			files = (
			);
			inputPaths = (
			);
			name = "Check Pods Manifest.lock";
			outputPaths = (
			);
			runOnlyForDeploymentPostprocessing = 0;
			shellPath = /bin/sh;
			shellScript = "diff \"${PODS_ROOT}/../Podfile.lock\" \"${PODS_ROOT}/Manifest.lock\" > /dev/null\nif [[ $? != 0 ]] ; then\n    cat << EOM\nerror: The sandbox is not in sync with the Podfile.lock. Run 'pod install' or update your CocoaPods installation.\nEOM\n    exit 1\nfi\n";
			showEnvVarsInLog = 0;
		};
/* End PBXShellScriptBuildPhase section */

/* Begin PBXSourcesBuildPhase section */
		D35373121ADC05F70015F0F7 /* Sources */ = {
			isa = PBXSourcesBuildPhase;
			buildActionMask = 2147483647;
			files = (
				D35373221ADC05F70015F0F7 /* ViewController.m in Sources */,
				D353731F1ADC05F70015F0F7 /* AppDelegate.m in Sources */,
				D353731C1ADC05F70015F0F7 /* main.m in Sources */,
			);
			runOnlyForDeploymentPostprocessing = 0;
		};
		D353732B1ADC05F70015F0F7 /* Sources */ = {
			isa = PBXSourcesBuildPhase;
			buildActionMask = 2147483647;
			files = (
				D35373361ADC05F70015F0F7 /* autolayoutTests.m in Sources */,
			);
			runOnlyForDeploymentPostprocessing = 0;
		};
/* End PBXSourcesBuildPhase section */

/* Begin PBXTargetDependency section */
		D35373311ADC05F70015F0F7 /* PBXTargetDependency */ = {
			isa = PBXTargetDependency;
			target = D35373151ADC05F70015F0F7 /* autolayout */;
			targetProxy = D35373301ADC05F70015F0F7 /* PBXContainerItemProxy */;
		};
/* End PBXTargetDependency section */

/* Begin PBXVariantGroup section */
		D35373231ADC05F70015F0F7 /* Main.storyboard */ = {
			isa = PBXVariantGroup;
			children = (
				D35373241ADC05F70015F0F7 /* Base */,
			);
			name = Main.storyboard;
			sourceTree = "<group>";
		};
		D35373281ADC05F70015F0F7 /* LaunchScreen.xib */ = {
			isa = PBXVariantGroup;
			children = (
				D35373291ADC05F70015F0F7 /* Base */,
			);
			name = LaunchScreen.xib;
			sourceTree = "<group>";
		};
/* End PBXVariantGroup section */

/* Begin XCBuildConfiguration section */
		D35373371ADC05F70015F0F7 /* Debug */ = {
			isa = XCBuildConfiguration;
			buildSettings = {
				ALWAYS_SEARCH_USER_PATHS = NO;
				CLANG_CXX_LANGUAGE_STANDARD = "gnu++0x";
				CLANG_CXX_LIBRARY = "libc++";
				CLANG_ENABLE_MODULES = YES;
				CLANG_ENABLE_OBJC_ARC = YES;
				CLANG_WARN_BOOL_CONVERSION = YES;
				CLANG_WARN_CONSTANT_CONVERSION = YES;
				CLANG_WARN_DIRECT_OBJC_ISA_USAGE = YES_ERROR;
				CLANG_WARN_EMPTY_BODY = YES;
				CLANG_WARN_ENUM_CONVERSION = YES;
				CLANG_WARN_INT_CONVERSION = YES;
				CLANG_WARN_OBJC_ROOT_CLASS = YES_ERROR;
				CLANG_WARN_UNREACHABLE_CODE = YES;
				CLANG_WARN__DUPLICATE_METHOD_MATCH = YES;
				"CODE_SIGN_IDENTITY[sdk=iphoneos*]" = "iPhone Developer";
				COPY_PHASE_STRIP = NO;
				ENABLE_STRICT_OBJC_MSGSEND = YES;
				GCC_C_LANGUAGE_STANDARD = gnu99;
				GCC_DYNAMIC_NO_PIC = NO;
				GCC_OPTIMIZATION_LEVEL = 0;
				GCC_PREPROCESSOR_DEFINITIONS = (
					"DEBUG=1",
					"$(inherited)",
				);
				GCC_SYMBOLS_PRIVATE_EXTERN = NO;
				GCC_WARN_64_TO_32_BIT_CONVERSION = YES;
				GCC_WARN_ABOUT_RETURN_TYPE = YES_ERROR;
				GCC_WARN_UNDECLARED_SELECTOR = YES;
				GCC_WARN_UNINITIALIZED_AUTOS = YES_AGGRESSIVE;
				GCC_WARN_UNUSED_FUNCTION = YES;
				GCC_WARN_UNUSED_VARIABLE = YES;
				IPHONEOS_DEPLOYMENT_TARGET = 8.2;
				MTL_ENABLE_DEBUG_INFO = YES;
				ONLY_ACTIVE_ARCH = YES;
				OTHER_LDFLAGS = "";
				SDKROOT = iphoneos;
			};
			name = Debug;
		};
		D35373381ADC05F70015F0F7 /* Release */ = {
			isa = XCBuildConfiguration;
			buildSettings = {
				ALWAYS_SEARCH_USER_PATHS = NO;
				CLANG_CXX_LANGUAGE_STANDARD = "gnu++0x";
				CLANG_CXX_LIBRARY = "libc++";
				CLANG_ENABLE_MODULES = YES;
				CLANG_ENABLE_OBJC_ARC = YES;
				CLANG_WARN_BOOL_CONVERSION = YES;
				CLANG_WARN_CONSTANT_CONVERSION = YES;
				CLANG_WARN_DIRECT_OBJC_ISA_USAGE = YES_ERROR;
				CLANG_WARN_EMPTY_BODY = YES;
				CLANG_WARN_ENUM_CONVERSION = YES;
				CLANG_WARN_INT_CONVERSION = YES;
				CLANG_WARN_OBJC_ROOT_CLASS = YES_ERROR;
				CLANG_WARN_UNREACHABLE_CODE = YES;
				CLANG_WARN__DUPLICATE_METHOD_MATCH = YES;
				"CODE_SIGN_IDENTITY[sdk=iphoneos*]" = "iPhone Developer";
				COPY_PHASE_STRIP = NO;
				ENABLE_NS_ASSERTIONS = NO;
				ENABLE_STRICT_OBJC_MSGSEND = YES;
				GCC_C_LANGUAGE_STANDARD = gnu99;
				GCC_WARN_64_TO_32_BIT_CONVERSION = YES;
				GCC_WARN_ABOUT_RETURN_TYPE = YES_ERROR;
				GCC_WARN_UNDECLARED_SELECTOR = YES;
				GCC_WARN_UNINITIALIZED_AUTOS = YES_AGGRESSIVE;
				GCC_WARN_UNUSED_FUNCTION = YES;
				GCC_WARN_UNUSED_VARIABLE = YES;
				IPHONEOS_DEPLOYMENT_TARGET = 8.2;
				MTL_ENABLE_DEBUG_INFO = NO;
				OTHER_LDFLAGS = "";
				SDKROOT = iphoneos;
				VALIDATE_PRODUCT = YES;
			};
			name = Release;
		};
		D353733A1ADC05F70015F0F7 /* Debug */ = {
			isa = XCBuildConfiguration;
			baseConfigurationReference = 073AA236D0A7BD894F7C4A27 /* Pods-autolayout.debug.xcconfig */;
			buildSettings = {
				ASSETCATALOG_COMPILER_APPICON_NAME = AppIcon;
				INFOPLIST_FILE = autolayout/Info.plist;
				LD_RUNPATH_SEARCH_PATHS = "$(inherited) @executable_path/Frameworks";
				PRODUCT_NAME = "$(TARGET_NAME)";
			};
			name = Debug;
		};
		D353733B1ADC05F70015F0F7 /* Release */ = {
			isa = XCBuildConfiguration;
			baseConfigurationReference = A198548AC4BCE900EF27B42B /* Pods-autolayout.release.xcconfig */;
			buildSettings = {
				ASSETCATALOG_COMPILER_APPICON_NAME = AppIcon;
				INFOPLIST_FILE = autolayout/Info.plist;
				LD_RUNPATH_SEARCH_PATHS = "$(inherited) @executable_path/Frameworks";
				PRODUCT_NAME = "$(TARGET_NAME)";
			};
			name = Release;
		};
		D353733D1ADC05F70015F0F7 /* Debug */ = {
			isa = XCBuildConfiguration;
			buildSettings = {
				BUNDLE_LOADER = "$(TEST_HOST)";
				FRAMEWORK_SEARCH_PATHS = (
					"$(SDKROOT)/Developer/Library/Frameworks",
					"$(inherited)",
				);
				GCC_PREPROCESSOR_DEFINITIONS = (
					"DEBUG=1",
					"$(inherited)",
				);
				INFOPLIST_FILE = autolayoutTests/Info.plist;
				LD_RUNPATH_SEARCH_PATHS = "$(inherited) @executable_path/Frameworks @loader_path/Frameworks";
				PRODUCT_NAME = "$(TARGET_NAME)";
				TEST_HOST = "$(BUILT_PRODUCTS_DIR)/autolayout.app/autolayout";
			};
			name = Debug;
		};
		D353733E1ADC05F70015F0F7 /* Release */ = {
			isa = XCBuildConfiguration;
			buildSettings = {
				BUNDLE_LOADER = "$(TEST_HOST)";
				FRAMEWORK_SEARCH_PATHS = (
					"$(SDKROOT)/Developer/Library/Frameworks",
					"$(inherited)",
				);
				INFOPLIST_FILE = autolayoutTests/Info.plist;
				LD_RUNPATH_SEARCH_PATHS = "$(inherited) @executable_path/Frameworks @loader_path/Frameworks";
				PRODUCT_NAME = "$(TARGET_NAME)";
				TEST_HOST = "$(BUILT_PRODUCTS_DIR)/autolayout.app/autolayout";
			};
			name = Release;
		};
/* End XCBuildConfiguration section */

/* Begin XCConfigurationList section */
		D35373111ADC05F70015F0F7 /* Build configuration list for PBXProject "autolayout" */ = {
			isa = XCConfigurationList;
			buildConfigurations = (
				D35373371ADC05F70015F0F7 /* Debug */,
				D35373381ADC05F70015F0F7 /* Release */,
			);
			defaultConfigurationIsVisible = 0;
			defaultConfigurationName = Release;
		};
		D35373391ADC05F70015F0F7 /* Build configuration list for PBXNativeTarget "autolayout" */ = {
			isa = XCConfigurationList;
			buildConfigurations = (
				D353733A1ADC05F70015F0F7 /* Debug */,
				D353733B1ADC05F70015F0F7 /* Release */,
			);
			defaultConfigurationIsVisible = 0;
			defaultConfigurationName = Release;
		};
		D353733C1ADC05F70015F0F7 /* Build configuration list for PBXNativeTarget "autolayoutTests" */ = {
			isa = XCConfigurationList;
			buildConfigurations = (
				D353733D1ADC05F70015F0F7 /* Debug */,
				D353733E1ADC05F70015F0F7 /* Release */,
			);
			defaultConfigurationIsVisible = 0;
			defaultConfigurationName = Release;
		};
/* End XCConfigurationList section */
	};
	rootObject = D353730E1ADC05F70015F0F7 /* Project object */;
}
