// !$*UTF8*$!
{
	archiveVersion = 1;
	classes = {
	};
	objectVersion = 46;
	objects = {

/* Begin PBXBuildFile section */
		D3F5E5FC1A7B580700814EC2 /* main.m in Sources */ = {isa = PBXBuildFile; fileRef = D3F5E5FB1A7B580700814EC2 /* main.m */; };
		D3F5E5FF1A7B580700814EC2 /* AppDelegate.m in Sources */ = {isa = PBXBuildFile; fileRef = D3F5E5FE1A7B580700814EC2 /* AppDelegate.m */; };
		D3F5E6021A7B580700814EC2 /* ViewController.m in Sources */ = {isa = PBXBuildFile; fileRef = D3F5E6011A7B580700814EC2 /* ViewController.m */; };
		D3F5E6051A7B580700814EC2 /* Main.storyboard in Resources */ = {isa = PBXBuildFile; fileRef = D3F5E6031A7B580700814EC2 /* Main.storyboard */; };
		D3F5E6071A7B580700814EC2 /* Images.xcassets in Resources */ = {isa = PBXBuildFile; fileRef = D3F5E6061A7B580700814EC2 /* Images.xcassets */; };
		D3F5E60A1A7B580700814EC2 /* LaunchScreen.xib in Resources */ = {isa = PBXBuildFile; fileRef = D3F5E6081A7B580700814EC2 /* LaunchScreen.xib */; };
		D3F5E6161A7B580700814EC2 /* WaterMarkDemoTests.m in Sources */ = {isa = PBXBuildFile; fileRef = D3F5E6151A7B580700814EC2 /* WaterMarkDemoTests.m */; };
		D3F5E6211A7B5E3D00814EC2 /* 1.jpg in Resources */ = {isa = PBXBuildFile; fileRef = D3F5E6201A7B5E3D00814EC2 /* 1.jpg */; };
/* End PBXBuildFile section */

/* Begin PBXContainerItemProxy section */
		D3F5E6101A7B580700814EC2 /* PBXContainerItemProxy */ = {
			isa = PBXContainerItemProxy;
			containerPortal = D3F5E5EE1A7B580700814EC2 /* Project object */;
			proxyType = 1;
			remoteGlobalIDString = D3F5E5F51A7B580700814EC2;
			remoteInfo = WaterMarkDemo;
		};
/* End PBXContainerItemProxy section */

/* Begin PBXFileReference section */
		D3F5E5F61A7B580700814EC2 /* WaterMarkDemo.app */ = {isa = PBXFileReference; explicitFileType = wrapper.application; includeInIndex = 0; path = WaterMarkDemo.app; sourceTree = BUILT_PRODUCTS_DIR; };
		D3F5E5FA1A7B580700814EC2 /* Info.plist */ = {isa = PBXFileReference; lastKnownFileType = text.plist.xml; path = Info.plist; sourceTree = "<group>"; };
		D3F5E5FB1A7B580700814EC2 /* main.m */ = {isa = PBXFileReference; lastKnownFileType = sourcecode.c.objc; path = main.m; sourceTree = "<group>"; };
		D3F5E5FD1A7B580700814EC2 /* AppDelegate.h */ = {isa = PBXFileReference; lastKnownFileType = sourcecode.c.h; path = AppDelegate.h; sourceTree = "<group>"; };
		D3F5E5FE1A7B580700814EC2 /* AppDelegate.m */ = {isa = PBXFileReference; lastKnownFileType = sourcecode.c.objc; path = AppDelegate.m; sourceTree = "<group>"; };
		D3F5E6001A7B580700814EC2 /* ViewController.h */ = {isa = PBXFileReference; lastKnownFileType = sourcecode.c.h; path = ViewController.h; sourceTree = "<group>"; };
		D3F5E6011A7B580700814EC2 /* ViewController.m */ = {isa = PBXFileReference; lastKnownFileType = sourcecode.c.objc; path = ViewController.m; sourceTree = "<group>"; };
		D3F5E6041A7B580700814EC2 /* Base */ = {isa = PBXFileReference; lastKnownFileType = file.storyboard; name = Base; path = Base.lproj/Main.storyboard; sourceTree = "<group>"; };
		D3F5E6061A7B580700814EC2 /* Images.xcassets */ = {isa = PBXFileReference; lastKnownFileType = folder.assetcatalog; path = Images.xcassets; sourceTree = "<group>"; };
		D3F5E6091A7B580700814EC2 /* Base */ = {isa = PBXFileReference; lastKnownFileType = file.xib; name = Base; path = Base.lproj/LaunchScreen.xib; sourceTree = "<group>"; };
		D3F5E60F1A7B580700814EC2 /* WaterMarkDemoTests.xctest */ = {isa = PBXFileReference; explicitFileType = wrapper.cfbundle; includeInIndex = 0; path = WaterMarkDemoTests.xctest; sourceTree = BUILT_PRODUCTS_DIR; };
		D3F5E6141A7B580700814EC2 /* Info.plist */ = {isa = PBXFileReference; lastKnownFileType = text.plist.xml; path = Info.plist; sourceTree = "<group>"; };
		D3F5E6151A7B580700814EC2 /* WaterMarkDemoTests.m */ = {isa = PBXFileReference; lastKnownFileType = sourcecode.c.objc; path = WaterMarkDemoTests.m; sourceTree = "<group>"; };
		D3F5E6201A7B5E3D00814EC2 /* 1.jpg */ = {isa = PBXFileReference; lastKnownFileType = image.jpeg; path = 1.jpg; sourceTree = "<group>"; };
/* End PBXFileReference section */

/* Begin PBXFrameworksBuildPhase section */
		D3F5E5F31A7B580700814EC2 /* Frameworks */ = {
			isa = PBXFrameworksBuildPhase;
			buildActionMask = 2147483647;
			files = (
			);
			runOnlyForDeploymentPostprocessing = 0;
		};
		D3F5E60C1A7B580700814EC2 /* Frameworks */ = {
			isa = PBXFrameworksBuildPhase;
			buildActionMask = 2147483647;
			files = (
			);
			runOnlyForDeploymentPostprocessing = 0;
		};
/* End PBXFrameworksBuildPhase section */

/* Begin PBXGroup section */
		D3F5E5ED1A7B580700814EC2 = {
			isa = PBXGroup;
			children = (
				D3F5E5F81A7B580700814EC2 /* WaterMarkDemo */,
				D3F5E6121A7B580700814EC2 /* WaterMarkDemoTests */,
				D3F5E5F71A7B580700814EC2 /* Products */,
			);
			sourceTree = "<group>";
		};
		D3F5E5F71A7B580700814EC2 /* Products */ = {
			isa = PBXGroup;
			children = (
				D3F5E5F61A7B580700814EC2 /* WaterMarkDemo.app */,
				D3F5E60F1A7B580700814EC2 /* WaterMarkDemoTests.xctest */,
			);
			name = Products;
			sourceTree = "<group>";
		};
		D3F5E5F81A7B580700814EC2 /* WaterMarkDemo */ = {
			isa = PBXGroup;
			children = (
				D3F5E61F1A7B5D1F00814EC2 /* resources */,
				D3F5E5FD1A7B580700814EC2 /* AppDelegate.h */,
				D3F5E5FE1A7B580700814EC2 /* AppDelegate.m */,
				D3F5E6001A7B580700814EC2 /* ViewController.h */,
				D3F5E6011A7B580700814EC2 /* ViewController.m */,
				D3F5E6031A7B580700814EC2 /* Main.storyboard */,
				D3F5E6061A7B580700814EC2 /* Images.xcassets */,
				D3F5E6081A7B580700814EC2 /* LaunchScreen.xib */,
				D3F5E5F91A7B580700814EC2 /* Supporting Files */,
			);
			path = WaterMarkDemo;
			sourceTree = "<group>";
		};
		D3F5E5F91A7B580700814EC2 /* Supporting Files */ = {
			isa = PBXGroup;
			children = (
				D3F5E5FA1A7B580700814EC2 /* Info.plist */,
				D3F5E5FB1A7B580700814EC2 /* main.m */,
			);
			name = "Supporting Files";
			sourceTree = "<group>";
		};
		D3F5E6121A7B580700814EC2 /* WaterMarkDemoTests */ = {
			isa = PBXGroup;
			children = (
				D3F5E6151A7B580700814EC2 /* WaterMarkDemoTests.m */,
				D3F5E6131A7B580700814EC2 /* Supporting Files */,
			);
			path = WaterMarkDemoTests;
			sourceTree = "<group>";
		};
		D3F5E6131A7B580700814EC2 /* Supporting Files */ = {
			isa = PBXGroup;
			children = (
				D3F5E6141A7B580700814EC2 /* Info.plist */,
			);
			name = "Supporting Files";
			sourceTree = "<group>";
		};
		D3F5E61F1A7B5D1F00814EC2 /* resources */ = {
			isa = PBXGroup;
			children = (
				D3F5E6201A7B5E3D00814EC2 /* 1.jpg */,
			);
			name = resources;
			sourceTree = "<group>";
		};
/* End PBXGroup section */

/* Begin PBXNativeTarget section */
		D3F5E5F51A7B580700814EC2 /* WaterMarkDemo */ = {
			isa = PBXNativeTarget;
			buildConfigurationList = D3F5E6191A7B580700814EC2 /* Build configuration list for PBXNativeTarget "WaterMarkDemo" */;
			buildPhases = (
				D3F5E5F21A7B580700814EC2 /* Sources */,
				D3F5E5F31A7B580700814EC2 /* Frameworks */,
				D3F5E5F41A7B580700814EC2 /* Resources */,
			);
			buildRules = (
			);
			dependencies = (
			);
			name = WaterMarkDemo;
			productName = WaterMarkDemo;
			productReference = D3F5E5F61A7B580700814EC2 /* WaterMarkDemo.app */;
			productType = "com.apple.product-type.application";
		};
		D3F5E60E1A7B580700814EC2 /* WaterMarkDemoTests */ = {
			isa = PBXNativeTarget;
			buildConfigurationList = D3F5E61C1A7B580700814EC2 /* Build configuration list for PBXNativeTarget "WaterMarkDemoTests" */;
			buildPhases = (
				D3F5E60B1A7B580700814EC2 /* Sources */,
				D3F5E60C1A7B580700814EC2 /* Frameworks */,
				D3F5E60D1A7B580700814EC2 /* Resources */,
			);
			buildRules = (
			);
			dependencies = (
				D3F5E6111A7B580700814EC2 /* PBXTargetDependency */,
			);
			name = WaterMarkDemoTests;
			productName = WaterMarkDemoTests;
			productReference = D3F5E60F1A7B580700814EC2 /* WaterMarkDemoTests.xctest */;
			productType = "com.apple.product-type.bundle.unit-test";
		};
/* End PBXNativeTarget section */

/* Begin PBXProject section */
		D3F5E5EE1A7B580700814EC2 /* Project object */ = {
			isa = PBXProject;
			attributes = {
				LastUpgradeCheck = 0610;
				ORGANIZATIONNAME = xidanjueying;
				TargetAttributes = {
					D3F5E5F51A7B580700814EC2 = {
						CreatedOnToolsVersion = 6.1.1;
					};
					D3F5E60E1A7B580700814EC2 = {
						CreatedOnToolsVersion = 6.1.1;
						TestTargetID = D3F5E5F51A7B580700814EC2;
					};
				};
			};
			buildConfigurationList = D3F5E5F11A7B580700814EC2 /* Build configuration list for PBXProject "WaterMarkDemo" */;
			compatibilityVersion = "Xcode 3.2";
			developmentRegion = English;
			hasScannedForEncodings = 0;
			knownRegions = (
				en,
				Base,
			);
			mainGroup = D3F5E5ED1A7B580700814EC2;
			productRefGroup = D3F5E5F71A7B580700814EC2 /* Products */;
			projectDirPath = "";
			projectRoot = "";
			targets = (
				D3F5E5F51A7B580700814EC2 /* WaterMarkDemo */,
				D3F5E60E1A7B580700814EC2 /* WaterMarkDemoTests */,
			);
		};
/* End PBXProject section */

/* Begin PBXResourcesBuildPhase section */
		D3F5E5F41A7B580700814EC2 /* Resources */ = {
			isa = PBXResourcesBuildPhase;
			buildActionMask = 2147483647;
			files = (
				D3F5E6051A7B580700814EC2 /* Main.storyboard in Resources */,
				D3F5E6211A7B5E3D00814EC2 /* 1.jpg in Resources */,
				D3F5E60A1A7B580700814EC2 /* LaunchScreen.xib in Resources */,
				D3F5E6071A7B580700814EC2 /* Images.xcassets in Resources */,
			);
			runOnlyForDeploymentPostprocessing = 0;
		};
		D3F5E60D1A7B580700814EC2 /* Resources */ = {
			isa = PBXResourcesBuildPhase;
			buildActionMask = 2147483647;
			files = (
			);
			runOnlyForDeploymentPostprocessing = 0;
		};
/* End PBXResourcesBuildPhase section */

/* Begin PBXSourcesBuildPhase section */
		D3F5E5F21A7B580700814EC2 /* Sources */ = {
			isa = PBXSourcesBuildPhase;
			buildActionMask = 2147483647;
			files = (
				D3F5E6021A7B580700814EC2 /* ViewController.m in Sources */,
				D3F5E5FF1A7B580700814EC2 /* AppDelegate.m in Sources */,
				D3F5E5FC1A7B580700814EC2 /* main.m in Sources */,
			);
			runOnlyForDeploymentPostprocessing = 0;
		};
		D3F5E60B1A7B580700814EC2 /* Sources */ = {
			isa = PBXSourcesBuildPhase;
			buildActionMask = 2147483647;
			files = (
				D3F5E6161A7B580700814EC2 /* WaterMarkDemoTests.m in Sources */,
			);
			runOnlyForDeploymentPostprocessing = 0;
		};
/* End PBXSourcesBuildPhase section */

/* Begin PBXTargetDependency section */
		D3F5E6111A7B580700814EC2 /* PBXTargetDependency */ = {
			isa = PBXTargetDependency;
			target = D3F5E5F51A7B580700814EC2 /* WaterMarkDemo */;
			targetProxy = D3F5E6101A7B580700814EC2 /* PBXContainerItemProxy */;
		};
/* End PBXTargetDependency section */

/* Begin PBXVariantGroup section */
		D3F5E6031A7B580700814EC2 /* Main.storyboard */ = {
			isa = PBXVariantGroup;
			children = (
				D3F5E6041A7B580700814EC2 /* Base */,
			);
			name = Main.storyboard;
			sourceTree = "<group>";
		};
		D3F5E6081A7B580700814EC2 /* LaunchScreen.xib */ = {
			isa = PBXVariantGroup;
			children = (
				D3F5E6091A7B580700814EC2 /* Base */,
			);
			name = LaunchScreen.xib;
			sourceTree = "<group>";
		};
/* End PBXVariantGroup section */

/* Begin XCBuildConfiguration section */
		D3F5E6171A7B580700814EC2 /* Debug */ = {
			isa = XCBuildConfiguration;
			buildSettings = {
				ALWAYS_SEARCH_USER_PATHS = NO;
				CLANG_CXX_LANGUAGE_STANDARD = "gnu++0x";
				CLANG_CXX_LIBRARY = "libc++";
				CLANG_ENABLE_MODULES = YES;
				CLANG_ENABLE_OBJC_ARC = YES;
				CLANG_WARN_BOOL_CONVERSION = YES;
				CLANG_WARN_CONSTANT_CONVERSION = YES;
				CLANG_WARN_DIRECT_OBJC_ISA_USAGE = YES_ERROR;
				CLANG_WARN_EMPTY_BODY = YES;
				CLANG_WARN_ENUM_CONVERSION = YES;
				CLANG_WARN_INT_CONVERSION = YES;
				CLANG_WARN_OBJC_ROOT_CLASS = YES_ERROR;
				CLANG_WARN_UNREACHABLE_CODE = YES;
				CLANG_WARN__DUPLICATE_METHOD_MATCH = YES;
				"CODE_SIGN_IDENTITY[sdk=iphoneos*]" = "iPhone Developer";
				COPY_PHASE_STRIP = NO;
				ENABLE_STRICT_OBJC_MSGSEND = YES;
				GCC_C_LANGUAGE_STANDARD = gnu99;
				GCC_DYNAMIC_NO_PIC = NO;
				GCC_OPTIMIZATION_LEVEL = 0;
				GCC_PREPROCESSOR_DEFINITIONS = (
					"DEBUG=1",
					"$(inherited)",
				);
				GCC_SYMBOLS_PRIVATE_EXTERN = NO;
				GCC_WARN_64_TO_32_BIT_CONVERSION = YES;
				GCC_WARN_ABOUT_RETURN_TYPE = YES_ERROR;
				GCC_WARN_UNDECLARED_SELECTOR = YES;
				GCC_WARN_UNINITIALIZED_AUTOS = YES_AGGRESSIVE;
				GCC_WARN_UNUSED_FUNCTION = YES;
				GCC_WARN_UNUSED_VARIABLE = YES;
				IPHONEOS_DEPLOYMENT_TARGET = 8.1;
				MTL_ENABLE_DEBUG_INFO = YES;
				ONLY_ACTIVE_ARCH = YES;
				SDKROOT = iphoneos;
			};
			name = Debug;
		};
		D3F5E6181A7B580700814EC2 /* Release */ = {
			isa = XCBuildConfiguration;
			buildSettings = {
				ALWAYS_SEARCH_USER_PATHS = NO;
				CLANG_CXX_LANGUAGE_STANDARD = "gnu++0x";
				CLANG_CXX_LIBRARY = "libc++";
				CLANG_ENABLE_MODULES = YES;
				CLANG_ENABLE_OBJC_ARC = YES;
				CLANG_WARN_BOOL_CONVERSION = YES;
				CLANG_WARN_CONSTANT_CONVERSION = YES;
				CLANG_WARN_DIRECT_OBJC_ISA_USAGE = YES_ERROR;
				CLANG_WARN_EMPTY_BODY = YES;
				CLANG_WARN_ENUM_CONVERSION = YES;
				CLANG_WARN_INT_CONVERSION = YES;
				CLANG_WARN_OBJC_ROOT_CLASS = YES_ERROR;
				CLANG_WARN_UNREACHABLE_CODE = YES;
				CLANG_WARN__DUPLICATE_METHOD_MATCH = YES;
				"CODE_SIGN_IDENTITY[sdk=iphoneos*]" = "iPhone Developer";
				COPY_PHASE_STRIP = YES;
				ENABLE_NS_ASSERTIONS = NO;
				ENABLE_STRICT_OBJC_MSGSEND = YES;
				GCC_C_LANGUAGE_STANDARD = gnu99;
				GCC_WARN_64_TO_32_BIT_CONVERSION = YES;
				GCC_WARN_ABOUT_RETURN_TYPE = YES_ERROR;
				GCC_WARN_UNDECLARED_SELECTOR = YES;
				GCC_WARN_UNINITIALIZED_AUTOS = YES_AGGRESSIVE;
				GCC_WARN_UNUSED_FUNCTION = YES;
				GCC_WARN_UNUSED_VARIABLE = YES;
				IPHONEOS_DEPLOYMENT_TARGET = 8.1;
				MTL_ENABLE_DEBUG_INFO = NO;
				SDKROOT = iphoneos;
				VALIDATE_PRODUCT = YES;
			};
			name = Release;
		};
		D3F5E61A1A7B580700814EC2 /* Debug */ = {
			isa = XCBuildConfiguration;
			buildSettings = {
				ASSETCATALOG_COMPILER_APPICON_NAME = AppIcon;
				INFOPLIST_FILE = WaterMarkDemo/Info.plist;
				LD_RUNPATH_SEARCH_PATHS = "$(inherited) @executable_path/Frameworks";
				PRODUCT_NAME = "$(TARGET_NAME)";
			};
			name = Debug;
		};
		D3F5E61B1A7B580700814EC2 /* Release */ = {
			isa = XCBuildConfiguration;
			buildSettings = {
				ASSETCATALOG_COMPILER_APPICON_NAME = AppIcon;
				INFOPLIST_FILE = WaterMarkDemo/Info.plist;
				LD_RUNPATH_SEARCH_PATHS = "$(inherited) @executable_path/Frameworks";
				PRODUCT_NAME = "$(TARGET_NAME)";
			};
			name = Release;
		};
		D3F5E61D1A7B580700814EC2 /* Debug */ = {
			isa = XCBuildConfiguration;
			buildSettings = {
				BUNDLE_LOADER = "$(TEST_HOST)";
				FRAMEWORK_SEARCH_PATHS = (
					"$(SDKROOT)/Developer/Library/Frameworks",
					"$(inherited)",
				);
				GCC_PREPROCESSOR_DEFINITIONS = (
					"DEBUG=1",
					"$(inherited)",
				);
				INFOPLIST_FILE = WaterMarkDemoTests/Info.plist;
				LD_RUNPATH_SEARCH_PATHS = "$(inherited) @executable_path/Frameworks @loader_path/Frameworks";
				PRODUCT_NAME = "$(TARGET_NAME)";
				TEST_HOST = "$(BUILT_PRODUCTS_DIR)/WaterMarkDemo.app/WaterMarkDemo";
			};
			name = Debug;
		};
		D3F5E61E1A7B580700814EC2 /* Release */ = {
			isa = XCBuildConfiguration;
			buildSettings = {
				BUNDLE_LOADER = "$(TEST_HOST)";
				FRAMEWORK_SEARCH_PATHS = (
					"$(SDKROOT)/Developer/Library/Frameworks",
					"$(inherited)",
				);
				INFOPLIST_FILE = WaterMarkDemoTests/Info.plist;
				LD_RUNPATH_SEARCH_PATHS = "$(inherited) @executable_path/Frameworks @loader_path/Frameworks";
				PRODUCT_NAME = "$(TARGET_NAME)";
				TEST_HOST = "$(BUILT_PRODUCTS_DIR)/WaterMarkDemo.app/WaterMarkDemo";
			};
			name = Release;
		};
/* End XCBuildConfiguration section */

/* Begin XCConfigurationList section */
		D3F5E5F11A7B580700814EC2 /* Build configuration list for PBXProject "WaterMarkDemo" */ = {
			isa = XCConfigurationList;
			buildConfigurations = (
				D3F5E6171A7B580700814EC2 /* Debug */,
				D3F5E6181A7B580700814EC2 /* Release */,
			);
			defaultConfigurationIsVisible = 0;
			defaultConfigurationName = Release;
		};
		D3F5E6191A7B580700814EC2 /* Build configuration list for PBXNativeTarget "WaterMarkDemo" */ = {
			isa = XCConfigurationList;
			buildConfigurations = (
				D3F5E61A1A7B580700814EC2 /* Debug */,
				D3F5E61B1A7B580700814EC2 /* Release */,
			);
			defaultConfigurationIsVisible = 0;
		};
		D3F5E61C1A7B580700814EC2 /* Build configuration list for PBXNativeTarget "WaterMarkDemoTests" */ = {
			isa = XCConfigurationList;
			buildConfigurations = (
				D3F5E61D1A7B580700814EC2 /* Debug */,
				D3F5E61E1A7B580700814EC2 /* Release */,
			);
			defaultConfigurationIsVisible = 0;
		};
/* End XCConfigurationList section */
	};
	rootObject = D3F5E5EE1A7B580700814EC2 /* Project object */;
}
